
Microsoft Visual Studio Solution File, Format Version 12.00
# Visual Studio 15
VisualStudioVersion = 15.0.26430.14
MinimumVisualStudioVersion = 10.0.40219.1
Project("{FAE04EC0-301F-11D3-BF4B-00C04F79EFBC}") = "Samples.iOS", "Samples\Samples.iOS\Samples.iOS.csproj", "{548B2E19-CE1B-4908-9D08-85C8F037439C}"
EndProject
Project("{FAE04EC0-301F-11D3-BF4B-00C04F79EFBC}") = "Samples.Droid", "Samples\Samples.Droid\Samples.Droid.csproj", "{9D4985B3-5448-442B-9261-45851898001D}"
EndProject
Project("{2150E333-8FDC-42A3-9474-1A3956D46DE8}") = "Solution Items", "Solution Items", "{70BDA3FF-41F7-491C-A23D-2FD65CE1CDA0}"
	ProjectSection(SolutionItems) = preProject
		nuspec\Acr.Notifications.nuspec = nuspec\Acr.Notifications.nuspec
		CHANGELOG.md = CHANGELOG.md
		ISSUE_TEMPLATE = ISSUE_TEMPLATE
		LICENSE.md = LICENSE.md
		nuspec\nuget.exe = nuspec\nuget.exe
		nuspec\pack.cmd = nuspec\pack.cmd
		nuspec\Plugin.Notifications.nuspec = nuspec\Plugin.Notifications.nuspec
		nuspec\push.cmd = nuspec\push.cmd
		README.md = README.md
	EndProjectSection
EndProject
Project("{2150E333-8FDC-42A3-9474-1A3956D46DE8}") = "Samples", "Samples", "{612C7282-D40A-40A3-9A6B-EFCFB979DE84}"
EndProject
Project("{FAE04EC0-301F-11D3-BF4B-00C04F79EFBC}") = "Samples.Uwp", "Samples\Samples.Uwp\Samples.Uwp.csproj", "{D27B7763-76AE-459A-8BA9-4079E3773E59}"
EndProject
Project("{FAE04EC0-301F-11D3-BF4B-00C04F79EFBC}") = "Plugin.Notifications.macOS", "Plugin.Notifications.macOS\Plugin.Notifications.macOS.csproj", "{8A9BD3CD-FDC9-4659-8E66-9001CA0206B2}"
EndProject
Project("{9A19103F-16F7-4668-BE54-9A1E7A4F7556}") = "Plugin.Notifications.Abstractions", "Plugin.Notifications.Abstractions\Plugin.Notifications.Abstractions.csproj", "{1ED7F929-0EAA-44F2-8B08-38414080E3E3}"
EndProject
Project("{9A19103F-16F7-4668-BE54-9A1E7A4F7556}") = "Plugin.Notifications", "Plugin.Notifications\Plugin.Notifications.csproj", "{5F6F3BA3-74C7-451A-AEAF-D9569A934CBB}"
EndProject
Project("{FAE04EC0-301F-11D3-BF4B-00C04F79EFBC}") = "Plugin.Notifications.iOS", "Plugin.Notifications.iOS\Plugin.Notifications.iOS.csproj", "{C5A44822-43A3-478B-88C6-C113B3AF0221}"
EndProject
Project("{FAE04EC0-301F-11D3-BF4B-00C04F79EFBC}") = "Plugin.Notifications.Android", "Plugin.Notifications.Android\Plugin.Notifications.Android.csproj", "{FA2BB1E3-55EB-4D1B-93AD-644513196C7E}"
EndProject
Project("{FAE04EC0-301F-11D3-BF4B-00C04F79EFBC}") = "Plugin.Notifications.Uwp", "Plugin.Notifications.Uwp\Plugin.Notifications.Uwp.csproj", "{C78AF30B-065C-4BA7-BD6D-1F63004115A0}"
EndProject
Project("{D954291E-2A0B-460D-934E-DC6B0785DB48}") = "Plugin.Notifications.Shared", "Plugin.Notifications.Shared\Plugin.Notifications.Shared.shproj", "{E6E4D880-E635-483B-9D8F-1E3CEAB78750}"
EndProject
Project("{9A19103F-16F7-4668-BE54-9A1E7A4F7556}") = "Samples.Core", "Samples\Samples.Core\Samples.Core.csproj", "{86CED844-9019-4AF5-9467-252A106551D1}"
EndProject
Global
	GlobalSection(SharedMSBuildProjectFiles) = preSolution
		Plugin.Notifications.Shared\Plugin.Notifications.Shared.projitems*{8a9bd3cd-fdc9-4659-8e66-9001ca0206b2}*SharedItemsImports = 4
		Plugin.Notifications.Shared\Plugin.Notifications.Shared.projitems*{c5a44822-43a3-478b-88c6-c113b3af0221}*SharedItemsImports = 4
		Plugin.Notifications.Shared\Plugin.Notifications.Shared.projitems*{c78af30b-065c-4ba7-bd6d-1f63004115a0}*SharedItemsImports = 4
		Plugin.Notifications.Shared\Plugin.Notifications.Shared.projitems*{e6e4d880-e635-483b-9d8f-1e3ceab78750}*SharedItemsImports = 13
		Plugin.Notifications.Shared\Plugin.Notifications.Shared.projitems*{fa2bb1e3-55eb-4d1b-93ad-644513196c7e}*SharedItemsImports = 4
	EndGlobalSection
	GlobalSection(SolutionConfigurationPlatforms) = preSolution
		Ad-Hoc|Any CPU = Ad-Hoc|Any CPU
		Ad-Hoc|ARM = Ad-Hoc|ARM
		Ad-Hoc|iPhone = Ad-Hoc|iPhone
		Ad-Hoc|iPhoneSimulator = Ad-Hoc|iPhoneSimulator
		Ad-Hoc|Mixed Platforms = Ad-Hoc|Mixed Platforms
		Ad-Hoc|x64 = Ad-Hoc|x64
		Ad-Hoc|x86 = Ad-Hoc|x86
		AppStore|Any CPU = AppStore|Any CPU
		AppStore|ARM = AppStore|ARM
		AppStore|iPhone = AppStore|iPhone
		AppStore|iPhoneSimulator = AppStore|iPhoneSimulator
		AppStore|Mixed Platforms = AppStore|Mixed Platforms
		AppStore|x64 = AppStore|x64
		AppStore|x86 = AppStore|x86
		Debug|Any CPU = Debug|Any CPU
		Debug|ARM = Debug|ARM
		Debug|iPhone = Debug|iPhone
		Debug|iPhoneSimulator = Debug|iPhoneSimulator
		Debug|Mixed Platforms = Debug|Mixed Platforms
		Debug|x64 = Debug|x64
		Debug|x86 = Debug|x86
		Release|Any CPU = Release|Any CPU
		Release|ARM = Release|ARM
		Release|iPhone = Release|iPhone
		Release|iPhoneSimulator = Release|iPhoneSimulator
		Release|Mixed Platforms = Release|Mixed Platforms
		Release|x64 = Release|x64
		Release|x86 = Release|x86
	EndGlobalSection
	GlobalSection(ProjectConfigurationPlatforms) = postSolution
		{548B2E19-CE1B-4908-9D08-85C8F037439C}.Ad-Hoc|Any CPU.ActiveCfg = Ad-Hoc|iPhone
		{548B2E19-CE1B-4908-9D08-85C8F037439C}.Ad-Hoc|ARM.ActiveCfg = Ad-Hoc|iPhone
		{548B2E19-CE1B-4908-9D08-85C8F037439C}.Ad-Hoc|iPhone.ActiveCfg = Ad-Hoc|iPhone
		{548B2E19-CE1B-4908-9D08-85C8F037439C}.Ad-Hoc|iPhone.Build.0 = Ad-Hoc|iPhone
		{548B2E19-CE1B-4908-9D08-85C8F037439C}.Ad-Hoc|iPhoneSimulator.ActiveCfg = Ad-Hoc|iPhoneSimulator
		{548B2E19-CE1B-4908-9D08-85C8F037439C}.Ad-Hoc|iPhoneSimulator.Build.0 = Ad-Hoc|iPhoneSimulator
		{548B2E19-CE1B-4908-9D08-85C8F037439C}.Ad-Hoc|Mixed Platforms.ActiveCfg = Ad-Hoc|iPhone
		{548B2E19-CE1B-4908-9D08-85C8F037439C}.Ad-Hoc|Mixed Platforms.Build.0 = Ad-Hoc|iPhone
		{548B2E19-CE1B-4908-9D08-85C8F037439C}.Ad-Hoc|x64.ActiveCfg = Ad-Hoc|iPhone
		{548B2E19-CE1B-4908-9D08-85C8F037439C}.Ad-Hoc|x86.ActiveCfg = Ad-Hoc|iPhone
		{548B2E19-CE1B-4908-9D08-85C8F037439C}.AppStore|Any CPU.ActiveCfg = AppStore|iPhone
		{548B2E19-CE1B-4908-9D08-85C8F037439C}.AppStore|ARM.ActiveCfg = AppStore|iPhone
		{548B2E19-CE1B-4908-9D08-85C8F037439C}.AppStore|iPhone.ActiveCfg = AppStore|iPhone
		{548B2E19-CE1B-4908-9D08-85C8F037439C}.AppStore|iPhone.Build.0 = AppStore|iPhone
		{548B2E19-CE1B-4908-9D08-85C8F037439C}.AppStore|iPhoneSimulator.ActiveCfg = AppStore|iPhoneSimulator
		{548B2E19-CE1B-4908-9D08-85C8F037439C}.AppStore|iPhoneSimulator.Build.0 = AppStore|iPhoneSimulator
		{548B2E19-CE1B-4908-9D08-85C8F037439C}.AppStore|Mixed Platforms.ActiveCfg = AppStore|iPhone
		{548B2E19-CE1B-4908-9D08-85C8F037439C}.AppStore|Mixed Platforms.Build.0 = AppStore|iPhone
		{548B2E19-CE1B-4908-9D08-85C8F037439C}.AppStore|x64.ActiveCfg = AppStore|iPhone
		{548B2E19-CE1B-4908-9D08-85C8F037439C}.AppStore|x86.ActiveCfg = AppStore|iPhone
		{548B2E19-CE1B-4908-9D08-85C8F037439C}.Debug|Any CPU.ActiveCfg = Debug|iPhone
		{548B2E19-CE1B-4908-9D08-85C8F037439C}.Debug|Any CPU.Build.0 = Debug|iPhone
		{548B2E19-CE1B-4908-9D08-85C8F037439C}.Debug|ARM.ActiveCfg = Debug|iPhone
		{548B2E19-CE1B-4908-9D08-85C8F037439C}.Debug|iPhone.ActiveCfg = Debug|iPhone
		{548B2E19-CE1B-4908-9D08-85C8F037439C}.Debug|iPhone.Build.0 = Debug|iPhone
		{548B2E19-CE1B-4908-9D08-85C8F037439C}.Debug|iPhoneSimulator.ActiveCfg = Debug|iPhoneSimulator
		{548B2E19-CE1B-4908-9D08-85C8F037439C}.Debug|iPhoneSimulator.Build.0 = Debug|iPhoneSimulator
		{548B2E19-CE1B-4908-9D08-85C8F037439C}.Debug|Mixed Platforms.ActiveCfg = Debug|iPhone
		{548B2E19-CE1B-4908-9D08-85C8F037439C}.Debug|Mixed Platforms.Build.0 = Debug|iPhone
		{548B2E19-CE1B-4908-9D08-85C8F037439C}.Debug|x64.ActiveCfg = Debug|iPhone
		{548B2E19-CE1B-4908-9D08-85C8F037439C}.Debug|x86.ActiveCfg = Debug|iPhone
		{548B2E19-CE1B-4908-9D08-85C8F037439C}.Release|Any CPU.ActiveCfg = Release|iPhone
		{548B2E19-CE1B-4908-9D08-85C8F037439C}.Release|ARM.ActiveCfg = Release|iPhone
		{548B2E19-CE1B-4908-9D08-85C8F037439C}.Release|iPhone.ActiveCfg = Release|iPhone
		{548B2E19-CE1B-4908-9D08-85C8F037439C}.Release|iPhone.Build.0 = Release|iPhone
		{548B2E19-CE1B-4908-9D08-85C8F037439C}.Release|iPhoneSimulator.ActiveCfg = Release|iPhoneSimulator
		{548B2E19-CE1B-4908-9D08-85C8F037439C}.Release|iPhoneSimulator.Build.0 = Release|iPhoneSimulator
		{548B2E19-CE1B-4908-9D08-85C8F037439C}.Release|Mixed Platforms.ActiveCfg = Release|iPhone
		{548B2E19-CE1B-4908-9D08-85C8F037439C}.Release|Mixed Platforms.Build.0 = Release|iPhone
		{548B2E19-CE1B-4908-9D08-85C8F037439C}.Release|x64.ActiveCfg = Release|iPhone
		{548B2E19-CE1B-4908-9D08-85C8F037439C}.Release|x86.ActiveCfg = Release|iPhone
		{9D4985B3-5448-442B-9261-45851898001D}.Ad-Hoc|Any CPU.ActiveCfg = Release|Any CPU
		{9D4985B3-5448-442B-9261-45851898001D}.Ad-Hoc|Any CPU.Build.0 = Release|Any CPU
		{9D4985B3-5448-442B-9261-45851898001D}.Ad-Hoc|Any CPU.Deploy.0 = Release|Any CPU
		{9D4985B3-5448-442B-9261-45851898001D}.Ad-Hoc|ARM.ActiveCfg = Release|Any CPU
		{9D4985B3-5448-442B-9261-45851898001D}.Ad-Hoc|iPhone.ActiveCfg = Release|Any CPU
		{9D4985B3-5448-442B-9261-45851898001D}.Ad-Hoc|iPhoneSimulator.ActiveCfg = Release|Any CPU
		{9D4985B3-5448-442B-9261-45851898001D}.Ad-Hoc|Mixed Platforms.ActiveCfg = Release|Any CPU
		{9D4985B3-5448-442B-9261-45851898001D}.Ad-Hoc|Mixed Platforms.Build.0 = Release|Any CPU
		{9D4985B3-5448-442B-9261-45851898001D}.Ad-Hoc|Mixed Platforms.Deploy.0 = Release|Any CPU
		{9D4985B3-5448-442B-9261-45851898001D}.Ad-Hoc|x64.ActiveCfg = Release|Any CPU
		{9D4985B3-5448-442B-9261-45851898001D}.Ad-Hoc|x86.ActiveCfg = Release|Any CPU
		{9D4985B3-5448-442B-9261-45851898001D}.AppStore|Any CPU.ActiveCfg = Release|Any CPU
		{9D4985B3-5448-442B-9261-45851898001D}.AppStore|Any CPU.Build.0 = Release|Any CPU
		{9D4985B3-5448-442B-9261-45851898001D}.AppStore|Any CPU.Deploy.0 = Release|Any CPU
		{9D4985B3-5448-442B-9261-45851898001D}.AppStore|ARM.ActiveCfg = Release|Any CPU
		{9D4985B3-5448-442B-9261-45851898001D}.AppStore|iPhone.ActiveCfg = Release|Any CPU
		{9D4985B3-5448-442B-9261-45851898001D}.AppStore|iPhoneSimulator.ActiveCfg = Release|Any CPU
		{9D4985B3-5448-442B-9261-45851898001D}.AppStore|Mixed Platforms.ActiveCfg = Release|Any CPU
		{9D4985B3-5448-442B-9261-45851898001D}.AppStore|Mixed Platforms.Build.0 = Release|Any CPU
		{9D4985B3-5448-442B-9261-45851898001D}.AppStore|Mixed Platforms.Deploy.0 = Release|Any CPU
		{9D4985B3-5448-442B-9261-45851898001D}.AppStore|x64.ActiveCfg = Release|Any CPU
		{9D4985B3-5448-442B-9261-45851898001D}.AppStore|x86.ActiveCfg = Release|Any CPU
		{9D4985B3-5448-442B-9261-45851898001D}.Debug|Any CPU.ActiveCfg = Debug|Any CPU
		{9D4985B3-5448-442B-9261-45851898001D}.Debug|Any CPU.Build.0 = Debug|Any CPU
		{9D4985B3-5448-442B-9261-45851898001D}.Debug|Any CPU.Deploy.0 = Debug|Any CPU
		{9D4985B3-5448-442B-9261-45851898001D}.Debug|ARM.ActiveCfg = Debug|Any CPU
		{9D4985B3-5448-442B-9261-45851898001D}.Debug|iPhone.ActiveCfg = Debug|Any CPU
		{9D4985B3-5448-442B-9261-45851898001D}.Debug|iPhoneSimulator.ActiveCfg = Debug|Any CPU
		{9D4985B3-5448-442B-9261-45851898001D}.Debug|Mixed Platforms.ActiveCfg = Debug|Any CPU
		{9D4985B3-5448-442B-9261-45851898001D}.Debug|Mixed Platforms.Build.0 = Debug|Any CPU
		{9D4985B3-5448-442B-9261-45851898001D}.Debug|Mixed Platforms.Deploy.0 = Debug|Any CPU
		{9D4985B3-5448-442B-9261-45851898001D}.Debug|x64.ActiveCfg = Debug|Any CPU
		{9D4985B3-5448-442B-9261-45851898001D}.Debug|x86.ActiveCfg = Debug|Any CPU
		{9D4985B3-5448-442B-9261-45851898001D}.Release|Any CPU.ActiveCfg = Release|Any CPU
		{9D4985B3-5448-442B-9261-45851898001D}.Release|Any CPU.Build.0 = Release|Any CPU
		{9D4985B3-5448-442B-9261-45851898001D}.Release|Any CPU.Deploy.0 = Release|Any CPU
		{9D4985B3-5448-442B-9261-45851898001D}.Release|ARM.ActiveCfg = Release|Any CPU
		{9D4985B3-5448-442B-9261-45851898001D}.Release|iPhone.ActiveCfg = Release|Any CPU
		{9D4985B3-5448-442B-9261-45851898001D}.Release|iPhoneSimulator.ActiveCfg = Release|Any CPU
		{9D4985B3-5448-442B-9261-45851898001D}.Release|Mixed Platforms.ActiveCfg = Release|Any CPU
		{9D4985B3-5448-442B-9261-45851898001D}.Release|Mixed Platforms.Build.0 = Release|Any CPU
		{9D4985B3-5448-442B-9261-45851898001D}.Release|Mixed Platforms.Deploy.0 = Release|Any CPU
		{9D4985B3-5448-442B-9261-45851898001D}.Release|x64.ActiveCfg = Release|Any CPU
		{9D4985B3-5448-442B-9261-45851898001D}.Release|x86.ActiveCfg = Release|Any CPU
		{D27B7763-76AE-459A-8BA9-4079E3773E59}.Ad-Hoc|Any CPU.ActiveCfg = Release|x64
		{D27B7763-76AE-459A-8BA9-4079E3773E59}.Ad-Hoc|Any CPU.Build.0 = Release|x64
		{D27B7763-76AE-459A-8BA9-4079E3773E59}.Ad-Hoc|Any CPU.Deploy.0 = Release|x64
		{D27B7763-76AE-459A-8BA9-4079E3773E59}.Ad-Hoc|ARM.ActiveCfg = Release|ARM
		{D27B7763-76AE-459A-8BA9-4079E3773E59}.Ad-Hoc|ARM.Build.0 = Release|ARM
		{D27B7763-76AE-459A-8BA9-4079E3773E59}.Ad-Hoc|ARM.Deploy.0 = Release|ARM
		{D27B7763-76AE-459A-8BA9-4079E3773E59}.Ad-Hoc|iPhone.ActiveCfg = Release|x64
		{D27B7763-76AE-459A-8BA9-4079E3773E59}.Ad-Hoc|iPhone.Build.0 = Release|x64
		{D27B7763-76AE-459A-8BA9-4079E3773E59}.Ad-Hoc|iPhone.Deploy.0 = Release|x64
		{D27B7763-76AE-459A-8BA9-4079E3773E59}.Ad-Hoc|iPhoneSimulator.ActiveCfg = Release|x64
		{D27B7763-76AE-459A-8BA9-4079E3773E59}.Ad-Hoc|iPhoneSimulator.Build.0 = Release|x64
		{D27B7763-76AE-459A-8BA9-4079E3773E59}.Ad-Hoc|iPhoneSimulator.Deploy.0 = Release|x64
		{D27B7763-76AE-459A-8BA9-4079E3773E59}.Ad-Hoc|Mixed Platforms.ActiveCfg = Release|x86
		{D27B7763-76AE-459A-8BA9-4079E3773E59}.Ad-Hoc|Mixed Platforms.Build.0 = Release|x86
		{D27B7763-76AE-459A-8BA9-4079E3773E59}.Ad-Hoc|Mixed Platforms.Deploy.0 = Release|x86
		{D27B7763-76AE-459A-8BA9-4079E3773E59}.Ad-Hoc|x64.ActiveCfg = Release|x64
		{D27B7763-76AE-459A-8BA9-4079E3773E59}.Ad-Hoc|x64.Build.0 = Release|x64
		{D27B7763-76AE-459A-8BA9-4079E3773E59}.Ad-Hoc|x64.Deploy.0 = Release|x64
		{D27B7763-76AE-459A-8BA9-4079E3773E59}.Ad-Hoc|x86.ActiveCfg = Release|x86
		{D27B7763-76AE-459A-8BA9-4079E3773E59}.Ad-Hoc|x86.Build.0 = Release|x86
		{D27B7763-76AE-459A-8BA9-4079E3773E59}.Ad-Hoc|x86.Deploy.0 = Release|x86
		{D27B7763-76AE-459A-8BA9-4079E3773E59}.AppStore|Any CPU.ActiveCfg = Release|x64
		{D27B7763-76AE-459A-8BA9-4079E3773E59}.AppStore|Any CPU.Build.0 = Release|x64
		{D27B7763-76AE-459A-8BA9-4079E3773E59}.AppStore|Any CPU.Deploy.0 = Release|x64
		{D27B7763-76AE-459A-8BA9-4079E3773E59}.AppStore|ARM.ActiveCfg = Release|ARM
		{D27B7763-76AE-459A-8BA9-4079E3773E59}.AppStore|ARM.Build.0 = Release|ARM
		{D27B7763-76AE-459A-8BA9-4079E3773E59}.AppStore|ARM.Deploy.0 = Release|ARM
		{D27B7763-76AE-459A-8BA9-4079E3773E59}.AppStore|iPhone.ActiveCfg = Release|x64
		{D27B7763-76AE-459A-8BA9-4079E3773E59}.AppStore|iPhone.Build.0 = Release|x64
		{D27B7763-76AE-459A-8BA9-4079E3773E59}.AppStore|iPhone.Deploy.0 = Release|x64
		{D27B7763-76AE-459A-8BA9-4079E3773E59}.AppStore|iPhoneSimulator.ActiveCfg = Release|x64
		{D27B7763-76AE-459A-8BA9-4079E3773E59}.AppStore|iPhoneSimulator.Build.0 = Release|x64
		{D27B7763-76AE-459A-8BA9-4079E3773E59}.AppStore|iPhoneSimulator.Deploy.0 = Release|x64
		{D27B7763-76AE-459A-8BA9-4079E3773E59}.AppStore|Mixed Platforms.ActiveCfg = Release|x86
		{D27B7763-76AE-459A-8BA9-4079E3773E59}.AppStore|Mixed Platforms.Build.0 = Release|x86
		{D27B7763-76AE-459A-8BA9-4079E3773E59}.AppStore|Mixed Platforms.Deploy.0 = Release|x86
		{D27B7763-76AE-459A-8BA9-4079E3773E59}.AppStore|x64.ActiveCfg = Release|x64
		{D27B7763-76AE-459A-8BA9-4079E3773E59}.AppStore|x64.Build.0 = Release|x64
		{D27B7763-76AE-459A-8BA9-4079E3773E59}.AppStore|x64.Deploy.0 = Release|x64
		{D27B7763-76AE-459A-8BA9-4079E3773E59}.AppStore|x86.ActiveCfg = Release|x86
		{D27B7763-76AE-459A-8BA9-4079E3773E59}.AppStore|x86.Build.0 = Release|x86
		{D27B7763-76AE-459A-8BA9-4079E3773E59}.AppStore|x86.Deploy.0 = Release|x86
		{D27B7763-76AE-459A-8BA9-4079E3773E59}.Debug|Any CPU.ActiveCfg = Debug|x86
		{D27B7763-76AE-459A-8BA9-4079E3773E59}.Debug|ARM.ActiveCfg = Debug|ARM
		{D27B7763-76AE-459A-8BA9-4079E3773E59}.Debug|ARM.Build.0 = Debug|ARM
		{D27B7763-76AE-459A-8BA9-4079E3773E59}.Debug|ARM.Deploy.0 = Debug|ARM
		{D27B7763-76AE-459A-8BA9-4079E3773E59}.Debug|iPhone.ActiveCfg = Debug|x86
		{D27B7763-76AE-459A-8BA9-4079E3773E59}.Debug|iPhoneSimulator.ActiveCfg = Debug|x86
		{D27B7763-76AE-459A-8BA9-4079E3773E59}.Debug|Mixed Platforms.ActiveCfg = Debug|x86
		{D27B7763-76AE-459A-8BA9-4079E3773E59}.Debug|Mixed Platforms.Build.0 = Debug|x86
		{D27B7763-76AE-459A-8BA9-4079E3773E59}.Debug|Mixed Platforms.Deploy.0 = Debug|x86
		{D27B7763-76AE-459A-8BA9-4079E3773E59}.Debug|x64.ActiveCfg = Debug|x64
		{D27B7763-76AE-459A-8BA9-4079E3773E59}.Debug|x64.Build.0 = Debug|x64
		{D27B7763-76AE-459A-8BA9-4079E3773E59}.Debug|x64.Deploy.0 = Debug|x64
		{D27B7763-76AE-459A-8BA9-4079E3773E59}.Debug|x86.ActiveCfg = Debug|x86
		{D27B7763-76AE-459A-8BA9-4079E3773E59}.Debug|x86.Build.0 = Debug|x86
		{D27B7763-76AE-459A-8BA9-4079E3773E59}.Debug|x86.Deploy.0 = Debug|x86
		{D27B7763-76AE-459A-8BA9-4079E3773E59}.Release|Any CPU.ActiveCfg = Release|x86
		{D27B7763-76AE-459A-8BA9-4079E3773E59}.Release|ARM.ActiveCfg = Release|ARM
		{D27B7763-76AE-459A-8BA9-4079E3773E59}.Release|ARM.Build.0 = Release|ARM
		{D27B7763-76AE-459A-8BA9-4079E3773E59}.Release|ARM.Deploy.0 = Release|ARM
		{D27B7763-76AE-459A-8BA9-4079E3773E59}.Release|iPhone.ActiveCfg = Release|x86
		{D27B7763-76AE-459A-8BA9-4079E3773E59}.Release|iPhoneSimulator.ActiveCfg = Release|x86
		{D27B7763-76AE-459A-8BA9-4079E3773E59}.Release|Mixed Platforms.ActiveCfg = Release|x86
		{D27B7763-76AE-459A-8BA9-4079E3773E59}.Release|Mixed Platforms.Build.0 = Release|x86
		{D27B7763-76AE-459A-8BA9-4079E3773E59}.Release|Mixed Platforms.Deploy.0 = Release|x86
		{D27B7763-76AE-459A-8BA9-4079E3773E59}.Release|x64.ActiveCfg = Release|x64
		{D27B7763-76AE-459A-8BA9-4079E3773E59}.Release|x64.Build.0 = Release|x64
		{D27B7763-76AE-459A-8BA9-4079E3773E59}.Release|x64.Deploy.0 = Release|x64
		{D27B7763-76AE-459A-8BA9-4079E3773E59}.Release|x86.ActiveCfg = Release|x86
		{D27B7763-76AE-459A-8BA9-4079E3773E59}.Release|x86.Build.0 = Release|x86
		{D27B7763-76AE-459A-8BA9-4079E3773E59}.Release|x86.Deploy.0 = Release|x86
		{8A9BD3CD-FDC9-4659-8E66-9001CA0206B2}.Ad-Hoc|Any CPU.ActiveCfg = Release|Any CPU
		{8A9BD3CD-FDC9-4659-8E66-9001CA0206B2}.Ad-Hoc|Any CPU.Build.0 = Release|Any CPU
		{8A9BD3CD-FDC9-4659-8E66-9001CA0206B2}.Ad-Hoc|ARM.ActiveCfg = Release|Any CPU
		{8A9BD3CD-FDC9-4659-8E66-9001CA0206B2}.Ad-Hoc|ARM.Build.0 = Release|Any CPU
		{8A9BD3CD-FDC9-4659-8E66-9001CA0206B2}.Ad-Hoc|iPhone.ActiveCfg = Release|Any CPU
		{8A9BD3CD-FDC9-4659-8E66-9001CA0206B2}.Ad-Hoc|iPhone.Build.0 = Release|Any CPU
		{8A9BD3CD-FDC9-4659-8E66-9001CA0206B2}.Ad-Hoc|iPhoneSimulator.ActiveCfg = Release|Any CPU
		{8A9BD3CD-FDC9-4659-8E66-9001CA0206B2}.Ad-Hoc|iPhoneSimulator.Build.0 = Release|Any CPU
		{8A9BD3CD-FDC9-4659-8E66-9001CA0206B2}.Ad-Hoc|Mixed Platforms.ActiveCfg = Release|Any CPU
		{8A9BD3CD-FDC9-4659-8E66-9001CA0206B2}.Ad-Hoc|Mixed Platforms.Build.0 = Release|Any CPU
		{8A9BD3CD-FDC9-4659-8E66-9001CA0206B2}.Ad-Hoc|x64.ActiveCfg = Release|Any CPU
		{8A9BD3CD-FDC9-4659-8E66-9001CA0206B2}.Ad-Hoc|x64.Build.0 = Release|Any CPU
		{8A9BD3CD-FDC9-4659-8E66-9001CA0206B2}.Ad-Hoc|x86.ActiveCfg = Release|Any CPU
		{8A9BD3CD-FDC9-4659-8E66-9001CA0206B2}.Ad-Hoc|x86.Build.0 = Release|Any CPU
		{8A9BD3CD-FDC9-4659-8E66-9001CA0206B2}.AppStore|Any CPU.ActiveCfg = Release|Any CPU
		{8A9BD3CD-FDC9-4659-8E66-9001CA0206B2}.AppStore|Any CPU.Build.0 = Release|Any CPU
		{8A9BD3CD-FDC9-4659-8E66-9001CA0206B2}.AppStore|ARM.ActiveCfg = Release|Any CPU
		{8A9BD3CD-FDC9-4659-8E66-9001CA0206B2}.AppStore|ARM.Build.0 = Release|Any CPU
		{8A9BD3CD-FDC9-4659-8E66-9001CA0206B2}.AppStore|iPhone.ActiveCfg = Release|Any CPU
		{8A9BD3CD-FDC9-4659-8E66-9001CA0206B2}.AppStore|iPhone.Build.0 = Release|Any CPU
		{8A9BD3CD-FDC9-4659-8E66-9001CA0206B2}.AppStore|iPhoneSimulator.ActiveCfg = Release|Any CPU
		{8A9BD3CD-FDC9-4659-8E66-9001CA0206B2}.AppStore|iPhoneSimulator.Build.0 = Release|Any CPU
		{8A9BD3CD-FDC9-4659-8E66-9001CA0206B2}.AppStore|Mixed Platforms.ActiveCfg = Release|Any CPU
		{8A9BD3CD-FDC9-4659-8E66-9001CA0206B2}.AppStore|Mixed Platforms.Build.0 = Release|Any CPU
		{8A9BD3CD-FDC9-4659-8E66-9001CA0206B2}.AppStore|x64.ActiveCfg = Release|Any CPU
		{8A9BD3CD-FDC9-4659-8E66-9001CA0206B2}.AppStore|x64.Build.0 = Release|Any CPU
		{8A9BD3CD-FDC9-4659-8E66-9001CA0206B2}.AppStore|x86.ActiveCfg = Release|Any CPU
		{8A9BD3CD-FDC9-4659-8E66-9001CA0206B2}.AppStore|x86.Build.0 = Release|Any CPU
		{8A9BD3CD-FDC9-4659-8E66-9001CA0206B2}.Debug|Any CPU.ActiveCfg = Debug|Any CPU
		{8A9BD3CD-FDC9-4659-8E66-9001CA0206B2}.Debug|Any CPU.Build.0 = Debug|Any CPU
		{8A9BD3CD-FDC9-4659-8E66-9001CA0206B2}.Debug|ARM.ActiveCfg = Debug|Any CPU
		{8A9BD3CD-FDC9-4659-8E66-9001CA0206B2}.Debug|ARM.Build.0 = Debug|Any CPU
		{8A9BD3CD-FDC9-4659-8E66-9001CA0206B2}.Debug|iPhone.ActiveCfg = Debug|Any CPU
		{8A9BD3CD-FDC9-4659-8E66-9001CA0206B2}.Debug|iPhone.Build.0 = Debug|Any CPU
		{8A9BD3CD-FDC9-4659-8E66-9001CA0206B2}.Debug|iPhoneSimulator.ActiveCfg = Debug|Any CPU
		{8A9BD3CD-FDC9-4659-8E66-9001CA0206B2}.Debug|iPhoneSimulator.Build.0 = Debug|Any CPU
		{8A9BD3CD-FDC9-4659-8E66-9001CA0206B2}.Debug|Mixed Platforms.ActiveCfg = Debug|Any CPU
		{8A9BD3CD-FDC9-4659-8E66-9001CA0206B2}.Debug|Mixed Platforms.Build.0 = Debug|Any CPU
		{8A9BD3CD-FDC9-4659-8E66-9001CA0206B2}.Debug|x64.ActiveCfg = Debug|Any CPU
		{8A9BD3CD-FDC9-4659-8E66-9001CA0206B2}.Debug|x64.Build.0 = Debug|Any CPU
		{8A9BD3CD-FDC9-4659-8E66-9001CA0206B2}.Debug|x86.ActiveCfg = Debug|Any CPU
		{8A9BD3CD-FDC9-4659-8E66-9001CA0206B2}.Debug|x86.Build.0 = Debug|Any CPU
		{8A9BD3CD-FDC9-4659-8E66-9001CA0206B2}.Release|Any CPU.ActiveCfg = Release|Any CPU
		{8A9BD3CD-FDC9-4659-8E66-9001CA0206B2}.Release|Any CPU.Build.0 = Release|Any CPU
		{8A9BD3CD-FDC9-4659-8E66-9001CA0206B2}.Release|ARM.ActiveCfg = Release|Any CPU
		{8A9BD3CD-FDC9-4659-8E66-9001CA0206B2}.Release|ARM.Build.0 = Release|Any CPU
		{8A9BD3CD-FDC9-4659-8E66-9001CA0206B2}.Release|iPhone.ActiveCfg = Release|Any CPU
		{8A9BD3CD-FDC9-4659-8E66-9001CA0206B2}.Release|iPhone.Build.0 = Release|Any CPU
		{8A9BD3CD-FDC9-4659-8E66-9001CA0206B2}.Release|iPhoneSimulator.ActiveCfg = Release|Any CPU
		{8A9BD3CD-FDC9-4659-8E66-9001CA0206B2}.Release|iPhoneSimulator.Build.0 = Release|Any CPU
		{8A9BD3CD-FDC9-4659-8E66-9001CA0206B2}.Release|Mixed Platforms.ActiveCfg = Release|Any CPU
		{8A9BD3CD-FDC9-4659-8E66-9001CA0206B2}.Release|Mixed Platforms.Build.0 = Release|Any CPU
		{8A9BD3CD-FDC9-4659-8E66-9001CA0206B2}.Release|x64.ActiveCfg = Release|Any CPU
		{8A9BD3CD-FDC9-4659-8E66-9001CA0206B2}.Release|x64.Build.0 = Release|Any CPU
		{8A9BD3CD-FDC9-4659-8E66-9001CA0206B2}.Release|x86.ActiveCfg = Release|Any CPU
		{8A9BD3CD-FDC9-4659-8E66-9001CA0206B2}.Release|x86.Build.0 = Release|Any CPU
		{1ED7F929-0EAA-44F2-8B08-38414080E3E3}.Ad-Hoc|Any CPU.ActiveCfg = Debug|Any CPU
		{1ED7F929-0EAA-44F2-8B08-38414080E3E3}.Ad-Hoc|Any CPU.Build.0 = Debug|Any CPU
		{1ED7F929-0EAA-44F2-8B08-38414080E3E3}.Ad-Hoc|ARM.ActiveCfg = Debug|Any CPU
		{1ED7F929-0EAA-44F2-8B08-38414080E3E3}.Ad-Hoc|ARM.Build.0 = Debug|Any CPU
		{1ED7F929-0EAA-44F2-8B08-38414080E3E3}.Ad-Hoc|iPhone.ActiveCfg = Debug|Any CPU
		{1ED7F929-0EAA-44F2-8B08-38414080E3E3}.Ad-Hoc|iPhone.Build.0 = Debug|Any CPU
		{1ED7F929-0EAA-44F2-8B08-38414080E3E3}.Ad-Hoc|iPhoneSimulator.ActiveCfg = Debug|Any CPU
		{1ED7F929-0EAA-44F2-8B08-38414080E3E3}.Ad-Hoc|iPhoneSimulator.Build.0 = Debug|Any CPU
		{1ED7F929-0EAA-44F2-8B08-38414080E3E3}.Ad-Hoc|Mixed Platforms.ActiveCfg = Debug|Any CPU
		{1ED7F929-0EAA-44F2-8B08-38414080E3E3}.Ad-Hoc|Mixed Platforms.Build.0 = Debug|Any CPU
		{1ED7F929-0EAA-44F2-8B08-38414080E3E3}.Ad-Hoc|x64.ActiveCfg = Debug|Any CPU
		{1ED7F929-0EAA-44F2-8B08-38414080E3E3}.Ad-Hoc|x64.Build.0 = Debug|Any CPU
		{1ED7F929-0EAA-44F2-8B08-38414080E3E3}.Ad-Hoc|x86.ActiveCfg = Debug|Any CPU
		{1ED7F929-0EAA-44F2-8B08-38414080E3E3}.Ad-Hoc|x86.Build.0 = Debug|Any CPU
		{1ED7F929-0EAA-44F2-8B08-38414080E3E3}.AppStore|Any CPU.ActiveCfg = Debug|Any CPU
		{1ED7F929-0EAA-44F2-8B08-38414080E3E3}.AppStore|Any CPU.Build.0 = Debug|Any CPU
		{1ED7F929-0EAA-44F2-8B08-38414080E3E3}.AppStore|ARM.ActiveCfg = Debug|Any CPU
		{1ED7F929-0EAA-44F2-8B08-38414080E3E3}.AppStore|ARM.Build.0 = Debug|Any CPU
		{1ED7F929-0EAA-44F2-8B08-38414080E3E3}.AppStore|iPhone.ActiveCfg = Debug|Any CPU
		{1ED7F929-0EAA-44F2-8B08-38414080E3E3}.AppStore|iPhone.Build.0 = Debug|Any CPU
		{1ED7F929-0EAA-44F2-8B08-38414080E3E3}.AppStore|iPhoneSimulator.ActiveCfg = Debug|Any CPU
		{1ED7F929-0EAA-44F2-8B08-38414080E3E3}.AppStore|iPhoneSimulator.Build.0 = Debug|Any CPU
		{1ED7F929-0EAA-44F2-8B08-38414080E3E3}.AppStore|Mixed Platforms.ActiveCfg = Debug|Any CPU
		{1ED7F929-0EAA-44F2-8B08-38414080E3E3}.AppStore|Mixed Platforms.Build.0 = Debug|Any CPU
		{1ED7F929-0EAA-44F2-8B08-38414080E3E3}.AppStore|x64.ActiveCfg = Debug|Any CPU
		{1ED7F929-0EAA-44F2-8B08-38414080E3E3}.AppStore|x64.Build.0 = Debug|Any CPU
		{1ED7F929-0EAA-44F2-8B08-38414080E3E3}.AppStore|x86.ActiveCfg = Debug|Any CPU
		{1ED7F929-0EAA-44F2-8B08-38414080E3E3}.AppStore|x86.Build.0 = Debug|Any CPU
		{1ED7F929-0EAA-44F2-8B08-38414080E3E3}.Debug|Any CPU.ActiveCfg = Debug|Any CPU
		{1ED7F929-0EAA-44F2-8B08-38414080E3E3}.Debug|Any CPU.Build.0 = Debug|Any CPU
		{1ED7F929-0EAA-44F2-8B08-38414080E3E3}.Debug|ARM.ActiveCfg = Debug|Any CPU
		{1ED7F929-0EAA-44F2-8B08-38414080E3E3}.Debug|ARM.Build.0 = Debug|Any CPU
		{1ED7F929-0EAA-44F2-8B08-38414080E3E3}.Debug|iPhone.ActiveCfg = Debug|Any CPU
		{1ED7F929-0EAA-44F2-8B08-38414080E3E3}.Debug|iPhone.Build.0 = Debug|Any CPU
		{1ED7F929-0EAA-44F2-8B08-38414080E3E3}.Debug|iPhoneSimulator.ActiveCfg = Debug|Any CPU
		{1ED7F929-0EAA-44F2-8B08-38414080E3E3}.Debug|iPhoneSimulator.Build.0 = Debug|Any CPU
		{1ED7F929-0EAA-44F2-8B08-38414080E3E3}.Debug|Mixed Platforms.ActiveCfg = Debug|Any CPU
		{1ED7F929-0EAA-44F2-8B08-38414080E3E3}.Debug|Mixed Platforms.Build.0 = Debug|Any CPU
		{1ED7F929-0EAA-44F2-8B08-38414080E3E3}.Debug|x64.ActiveCfg = Debug|Any CPU
		{1ED7F929-0EAA-44F2-8B08-38414080E3E3}.Debug|x64.Build.0 = Debug|Any CPU
		{1ED7F929-0EAA-44F2-8B08-38414080E3E3}.Debug|x86.ActiveCfg = Debug|Any CPU
		{1ED7F929-0EAA-44F2-8B08-38414080E3E3}.Debug|x86.Build.0 = Debug|Any CPU
		{1ED7F929-0EAA-44F2-8B08-38414080E3E3}.Release|Any CPU.ActiveCfg = Release|Any CPU
		{1ED7F929-0EAA-44F2-8B08-38414080E3E3}.Release|Any CPU.Build.0 = Release|Any CPU
		{1ED7F929-0EAA-44F2-8B08-38414080E3E3}.Release|ARM.ActiveCfg = Release|Any CPU
		{1ED7F929-0EAA-44F2-8B08-38414080E3E3}.Release|ARM.Build.0 = Release|Any CPU
		{1ED7F929-0EAA-44F2-8B08-38414080E3E3}.Release|iPhone.ActiveCfg = Release|Any CPU
		{1ED7F929-0EAA-44F2-8B08-38414080E3E3}.Release|iPhone.Build.0 = Release|Any CPU
		{1ED7F929-0EAA-44F2-8B08-38414080E3E3}.Release|iPhoneSimulator.ActiveCfg = Release|Any CPU
		{1ED7F929-0EAA-44F2-8B08-38414080E3E3}.Release|iPhoneSimulator.Build.0 = Release|Any CPU
		{1ED7F929-0EAA-44F2-8B08-38414080E3E3}.Release|Mixed Platforms.ActiveCfg = Release|Any CPU
		{1ED7F929-0EAA-44F2-8B08-38414080E3E3}.Release|Mixed Platforms.Build.0 = Release|Any CPU
		{1ED7F929-0EAA-44F2-8B08-38414080E3E3}.Release|x64.ActiveCfg = Release|Any CPU
		{1ED7F929-0EAA-44F2-8B08-38414080E3E3}.Release|x64.Build.0 = Release|Any CPU
		{1ED7F929-0EAA-44F2-8B08-38414080E3E3}.Release|x86.ActiveCfg = Release|Any CPU
		{1ED7F929-0EAA-44F2-8B08-38414080E3E3}.Release|x86.Build.0 = Release|Any CPU
		{5F6F3BA3-74C7-451A-AEAF-D9569A934CBB}.Ad-Hoc|Any CPU.ActiveCfg = Debug|Any CPU
		{5F6F3BA3-74C7-451A-AEAF-D9569A934CBB}.Ad-Hoc|Any CPU.Build.0 = Debug|Any CPU
		{5F6F3BA3-74C7-451A-AEAF-D9569A934CBB}.Ad-Hoc|ARM.ActiveCfg = Debug|Any CPU
		{5F6F3BA3-74C7-451A-AEAF-D9569A934CBB}.Ad-Hoc|ARM.Build.0 = Debug|Any CPU
		{5F6F3BA3-74C7-451A-AEAF-D9569A934CBB}.Ad-Hoc|iPhone.ActiveCfg = Debug|Any CPU
		{5F6F3BA3-74C7-451A-AEAF-D9569A934CBB}.Ad-Hoc|iPhone.Build.0 = Debug|Any CPU
		{5F6F3BA3-74C7-451A-AEAF-D9569A934CBB}.Ad-Hoc|iPhoneSimulator.ActiveCfg = Debug|Any CPU
		{5F6F3BA3-74C7-451A-AEAF-D9569A934CBB}.Ad-Hoc|iPhoneSimulator.Build.0 = Debug|Any CPU
		{5F6F3BA3-74C7-451A-AEAF-D9569A934CBB}.Ad-Hoc|Mixed Platforms.ActiveCfg = Debug|Any CPU
		{5F6F3BA3-74C7-451A-AEAF-D9569A934CBB}.Ad-Hoc|Mixed Platforms.Build.0 = Debug|Any CPU
		{5F6F3BA3-74C7-451A-AEAF-D9569A934CBB}.Ad-Hoc|x64.ActiveCfg = Debug|Any CPU
		{5F6F3BA3-74C7-451A-AEAF-D9569A934CBB}.Ad-Hoc|x64.Build.0 = Debug|Any CPU
		{5F6F3BA3-74C7-451A-AEAF-D9569A934CBB}.Ad-Hoc|x86.ActiveCfg = Debug|Any CPU
		{5F6F3BA3-74C7-451A-AEAF-D9569A934CBB}.Ad-Hoc|x86.Build.0 = Debug|Any CPU
		{5F6F3BA3-74C7-451A-AEAF-D9569A934CBB}.AppStore|Any CPU.ActiveCfg = Debug|Any CPU
		{5F6F3BA3-74C7-451A-AEAF-D9569A934CBB}.AppStore|Any CPU.Build.0 = Debug|Any CPU
		{5F6F3BA3-74C7-451A-AEAF-D9569A934CBB}.AppStore|ARM.ActiveCfg = Debug|Any CPU
		{5F6F3BA3-74C7-451A-AEAF-D9569A934CBB}.AppStore|ARM.Build.0 = Debug|Any CPU
		{5F6F3BA3-74C7-451A-AEAF-D9569A934CBB}.AppStore|iPhone.ActiveCfg = Debug|Any CPU
		{5F6F3BA3-74C7-451A-AEAF-D9569A934CBB}.AppStore|iPhone.Build.0 = Debug|Any CPU
		{5F6F3BA3-74C7-451A-AEAF-D9569A934CBB}.AppStore|iPhoneSimulator.ActiveCfg = Debug|Any CPU
		{5F6F3BA3-74C7-451A-AEAF-D9569A934CBB}.AppStore|iPhoneSimulator.Build.0 = Debug|Any CPU
		{5F6F3BA3-74C7-451A-AEAF-D9569A934CBB}.AppStore|Mixed Platforms.ActiveCfg = Debug|Any CPU
		{5F6F3BA3-74C7-451A-AEAF-D9569A934CBB}.AppStore|Mixed Platforms.Build.0 = Debug|Any CPU
		{5F6F3BA3-74C7-451A-AEAF-D9569A934CBB}.AppStore|x64.ActiveCfg = Debug|Any CPU
		{5F6F3BA3-74C7-451A-AEAF-D9569A934CBB}.AppStore|x64.Build.0 = Debug|Any CPU
		{5F6F3BA3-74C7-451A-AEAF-D9569A934CBB}.AppStore|x86.ActiveCfg = Debug|Any CPU
		{5F6F3BA3-74C7-451A-AEAF-D9569A934CBB}.AppStore|x86.Build.0 = Debug|Any CPU
		{5F6F3BA3-74C7-451A-AEAF-D9569A934CBB}.Debug|Any CPU.ActiveCfg = Debug|Any CPU
		{5F6F3BA3-74C7-451A-AEAF-D9569A934CBB}.Debug|Any CPU.Build.0 = Debug|Any CPU
		{5F6F3BA3-74C7-451A-AEAF-D9569A934CBB}.Debug|ARM.ActiveCfg = Debug|Any CPU
		{5F6F3BA3-74C7-451A-AEAF-D9569A934CBB}.Debug|ARM.Build.0 = Debug|Any CPU
		{5F6F3BA3-74C7-451A-AEAF-D9569A934CBB}.Debug|iPhone.ActiveCfg = Debug|Any CPU
		{5F6F3BA3-74C7-451A-AEAF-D9569A934CBB}.Debug|iPhone.Build.0 = Debug|Any CPU
		{5F6F3BA3-74C7-451A-AEAF-D9569A934CBB}.Debug|iPhoneSimulator.ActiveCfg = Debug|Any CPU
		{5F6F3BA3-74C7-451A-AEAF-D9569A934CBB}.Debug|iPhoneSimulator.Build.0 = Debug|Any CPU
		{5F6F3BA3-74C7-451A-AEAF-D9569A934CBB}.Debug|Mixed Platforms.ActiveCfg = Debug|Any CPU
		{5F6F3BA3-74C7-451A-AEAF-D9569A934CBB}.Debug|Mixed Platforms.Build.0 = Debug|Any CPU
		{5F6F3BA3-74C7-451A-AEAF-D9569A934CBB}.Debug|x64.ActiveCfg = Debug|Any CPU
		{5F6F3BA3-74C7-451A-AEAF-D9569A934CBB}.Debug|x64.Build.0 = Debug|Any CPU
		{5F6F3BA3-74C7-451A-AEAF-D9569A934CBB}.Debug|x86.ActiveCfg = Debug|Any CPU
		{5F6F3BA3-74C7-451A-AEAF-D9569A934CBB}.Debug|x86.Build.0 = Debug|Any CPU
		{5F6F3BA3-74C7-451A-AEAF-D9569A934CBB}.Release|Any CPU.ActiveCfg = Release|Any CPU
		{5F6F3BA3-74C7-451A-AEAF-D9569A934CBB}.Release|Any CPU.Build.0 = Release|Any CPU
		{5F6F3BA3-74C7-451A-AEAF-D9569A934CBB}.Release|ARM.ActiveCfg = Release|Any CPU
		{5F6F3BA3-74C7-451A-AEAF-D9569A934CBB}.Release|ARM.Build.0 = Release|Any CPU
		{5F6F3BA3-74C7-451A-AEAF-D9569A934CBB}.Release|iPhone.ActiveCfg = Release|Any CPU
		{5F6F3BA3-74C7-451A-AEAF-D9569A934CBB}.Release|iPhone.Build.0 = Release|Any CPU
		{5F6F3BA3-74C7-451A-AEAF-D9569A934CBB}.Release|iPhoneSimulator.ActiveCfg = Release|Any CPU
		{5F6F3BA3-74C7-451A-AEAF-D9569A934CBB}.Release|iPhoneSimulator.Build.0 = Release|Any CPU
		{5F6F3BA3-74C7-451A-AEAF-D9569A934CBB}.Release|Mixed Platforms.ActiveCfg = Release|Any CPU
		{5F6F3BA3-74C7-451A-AEAF-D9569A934CBB}.Release|Mixed Platforms.Build.0 = Release|Any CPU
		{5F6F3BA3-74C7-451A-AEAF-D9569A934CBB}.Release|x64.ActiveCfg = Release|Any CPU
		{5F6F3BA3-74C7-451A-AEAF-D9569A934CBB}.Release|x64.Build.0 = Release|Any CPU
		{5F6F3BA3-74C7-451A-AEAF-D9569A934CBB}.Release|x86.ActiveCfg = Release|Any CPU
		{5F6F3BA3-74C7-451A-AEAF-D9569A934CBB}.Release|x86.Build.0 = Release|Any CPU
		{C5A44822-43A3-478B-88C6-C113B3AF0221}.Ad-Hoc|Any CPU.ActiveCfg = Release|Any CPU
		{C5A44822-43A3-478B-88C6-C113B3AF0221}.Ad-Hoc|Any CPU.Build.0 = Release|Any CPU
		{C5A44822-43A3-478B-88C6-C113B3AF0221}.Ad-Hoc|ARM.ActiveCfg = Release|Any CPU
		{C5A44822-43A3-478B-88C6-C113B3AF0221}.Ad-Hoc|ARM.Build.0 = Release|Any CPU
		{C5A44822-43A3-478B-88C6-C113B3AF0221}.Ad-Hoc|iPhone.ActiveCfg = Release|Any CPU
		{C5A44822-43A3-478B-88C6-C113B3AF0221}.Ad-Hoc|iPhone.Build.0 = Release|Any CPU
		{C5A44822-43A3-478B-88C6-C113B3AF0221}.Ad-Hoc|iPhoneSimulator.ActiveCfg = Release|Any CPU
		{C5A44822-43A3-478B-88C6-C113B3AF0221}.Ad-Hoc|iPhoneSimulator.Build.0 = Release|Any CPU
		{C5A44822-43A3-478B-88C6-C113B3AF0221}.Ad-Hoc|Mixed Platforms.ActiveCfg = Release|Any CPU
		{C5A44822-43A3-478B-88C6-C113B3AF0221}.Ad-Hoc|Mixed Platforms.Build.0 = Release|Any CPU
		{C5A44822-43A3-478B-88C6-C113B3AF0221}.Ad-Hoc|x64.ActiveCfg = Release|Any CPU
		{C5A44822-43A3-478B-88C6-C113B3AF0221}.Ad-Hoc|x64.Build.0 = Release|Any CPU
		{C5A44822-43A3-478B-88C6-C113B3AF0221}.Ad-Hoc|x86.ActiveCfg = Release|Any CPU
		{C5A44822-43A3-478B-88C6-C113B3AF0221}.Ad-Hoc|x86.Build.0 = Release|Any CPU
		{C5A44822-43A3-478B-88C6-C113B3AF0221}.AppStore|Any CPU.ActiveCfg = Release|Any CPU
		{C5A44822-43A3-478B-88C6-C113B3AF0221}.AppStore|Any CPU.Build.0 = Release|Any CPU
		{C5A44822-43A3-478B-88C6-C113B3AF0221}.AppStore|ARM.ActiveCfg = Release|Any CPU
		{C5A44822-43A3-478B-88C6-C113B3AF0221}.AppStore|ARM.Build.0 = Release|Any CPU
		{C5A44822-43A3-478B-88C6-C113B3AF0221}.AppStore|iPhone.ActiveCfg = Release|Any CPU
		{C5A44822-43A3-478B-88C6-C113B3AF0221}.AppStore|iPhone.Build.0 = Release|Any CPU
		{C5A44822-43A3-478B-88C6-C113B3AF0221}.AppStore|iPhoneSimulator.ActiveCfg = Release|Any CPU
		{C5A44822-43A3-478B-88C6-C113B3AF0221}.AppStore|iPhoneSimulator.Build.0 = Release|Any CPU
		{C5A44822-43A3-478B-88C6-C113B3AF0221}.AppStore|Mixed Platforms.ActiveCfg = Release|Any CPU
		{C5A44822-43A3-478B-88C6-C113B3AF0221}.AppStore|Mixed Platforms.Build.0 = Release|Any CPU
		{C5A44822-43A3-478B-88C6-C113B3AF0221}.AppStore|x64.ActiveCfg = Release|Any CPU
		{C5A44822-43A3-478B-88C6-C113B3AF0221}.AppStore|x64.Build.0 = Release|Any CPU
		{C5A44822-43A3-478B-88C6-C113B3AF0221}.AppStore|x86.ActiveCfg = Release|Any CPU
		{C5A44822-43A3-478B-88C6-C113B3AF0221}.AppStore|x86.Build.0 = Release|Any CPU
		{C5A44822-43A3-478B-88C6-C113B3AF0221}.Debug|Any CPU.ActiveCfg = Debug|Any CPU
		{C5A44822-43A3-478B-88C6-C113B3AF0221}.Debug|Any CPU.Build.0 = Debug|Any CPU
		{C5A44822-43A3-478B-88C6-C113B3AF0221}.Debug|ARM.ActiveCfg = Debug|Any CPU
		{C5A44822-43A3-478B-88C6-C113B3AF0221}.Debug|ARM.Build.0 = Debug|Any CPU
		{C5A44822-43A3-478B-88C6-C113B3AF0221}.Debug|iPhone.ActiveCfg = Debug|Any CPU
		{C5A44822-43A3-478B-88C6-C113B3AF0221}.Debug|iPhone.Build.0 = Debug|Any CPU
		{C5A44822-43A3-478B-88C6-C113B3AF0221}.Debug|iPhoneSimulator.ActiveCfg = Debug|Any CPU
		{C5A44822-43A3-478B-88C6-C113B3AF0221}.Debug|iPhoneSimulator.Build.0 = Debug|Any CPU
		{C5A44822-43A3-478B-88C6-C113B3AF0221}.Debug|Mixed Platforms.ActiveCfg = Debug|Any CPU
		{C5A44822-43A3-478B-88C6-C113B3AF0221}.Debug|Mixed Platforms.Build.0 = Debug|Any CPU
		{C5A44822-43A3-478B-88C6-C113B3AF0221}.Debug|x64.ActiveCfg = Debug|Any CPU
		{C5A44822-43A3-478B-88C6-C113B3AF0221}.Debug|x64.Build.0 = Debug|Any CPU
		{C5A44822-43A3-478B-88C6-C113B3AF0221}.Debug|x86.ActiveCfg = Debug|Any CPU
		{C5A44822-43A3-478B-88C6-C113B3AF0221}.Debug|x86.Build.0 = Debug|Any CPU
		{C5A44822-43A3-478B-88C6-C113B3AF0221}.Release|Any CPU.ActiveCfg = Release|Any CPU
		{C5A44822-43A3-478B-88C6-C113B3AF0221}.Release|Any CPU.Build.0 = Release|Any CPU
		{C5A44822-43A3-478B-88C6-C113B3AF0221}.Release|ARM.ActiveCfg = Release|Any CPU
		{C5A44822-43A3-478B-88C6-C113B3AF0221}.Release|ARM.Build.0 = Release|Any CPU
		{C5A44822-43A3-478B-88C6-C113B3AF0221}.Release|iPhone.ActiveCfg = Release|Any CPU
		{C5A44822-43A3-478B-88C6-C113B3AF0221}.Release|iPhone.Build.0 = Release|Any CPU
		{C5A44822-43A3-478B-88C6-C113B3AF0221}.Release|iPhoneSimulator.ActiveCfg = Release|Any CPU
		{C5A44822-43A3-478B-88C6-C113B3AF0221}.Release|iPhoneSimulator.Build.0 = Release|Any CPU
		{C5A44822-43A3-478B-88C6-C113B3AF0221}.Release|Mixed Platforms.ActiveCfg = Release|Any CPU
		{C5A44822-43A3-478B-88C6-C113B3AF0221}.Release|Mixed Platforms.Build.0 = Release|Any CPU
		{C5A44822-43A3-478B-88C6-C113B3AF0221}.Release|x64.ActiveCfg = Release|Any CPU
		{C5A44822-43A3-478B-88C6-C113B3AF0221}.Release|x64.Build.0 = Release|Any CPU
		{C5A44822-43A3-478B-88C6-C113B3AF0221}.Release|x86.ActiveCfg = Release|Any CPU
		{C5A44822-43A3-478B-88C6-C113B3AF0221}.Release|x86.Build.0 = Release|Any CPU
		{FA2BB1E3-55EB-4D1B-93AD-644513196C7E}.Ad-Hoc|Any CPU.ActiveCfg = Release|Any CPU
		{FA2BB1E3-55EB-4D1B-93AD-644513196C7E}.Ad-Hoc|Any CPU.Build.0 = Release|Any CPU
		{FA2BB1E3-55EB-4D1B-93AD-644513196C7E}.Ad-Hoc|ARM.ActiveCfg = Release|Any CPU
		{FA2BB1E3-55EB-4D1B-93AD-644513196C7E}.Ad-Hoc|ARM.Build.0 = Release|Any CPU
		{FA2BB1E3-55EB-4D1B-93AD-644513196C7E}.Ad-Hoc|iPhone.ActiveCfg = Release|Any CPU
		{FA2BB1E3-55EB-4D1B-93AD-644513196C7E}.Ad-Hoc|iPhone.Build.0 = Release|Any CPU
		{FA2BB1E3-55EB-4D1B-93AD-644513196C7E}.Ad-Hoc|iPhoneSimulator.ActiveCfg = Release|Any CPU
		{FA2BB1E3-55EB-4D1B-93AD-644513196C7E}.Ad-Hoc|iPhoneSimulator.Build.0 = Release|Any CPU
		{FA2BB1E3-55EB-4D1B-93AD-644513196C7E}.Ad-Hoc|Mixed Platforms.ActiveCfg = Release|Any CPU
		{FA2BB1E3-55EB-4D1B-93AD-644513196C7E}.Ad-Hoc|Mixed Platforms.Build.0 = Release|Any CPU
		{FA2BB1E3-55EB-4D1B-93AD-644513196C7E}.Ad-Hoc|x64.ActiveCfg = Release|Any CPU
		{FA2BB1E3-55EB-4D1B-93AD-644513196C7E}.Ad-Hoc|x64.Build.0 = Release|Any CPU
		{FA2BB1E3-55EB-4D1B-93AD-644513196C7E}.Ad-Hoc|x86.ActiveCfg = Release|Any CPU
		{FA2BB1E3-55EB-4D1B-93AD-644513196C7E}.Ad-Hoc|x86.Build.0 = Release|Any CPU
		{FA2BB1E3-55EB-4D1B-93AD-644513196C7E}.AppStore|Any CPU.ActiveCfg = Release|Any CPU
		{FA2BB1E3-55EB-4D1B-93AD-644513196C7E}.AppStore|Any CPU.Build.0 = Release|Any CPU
		{FA2BB1E3-55EB-4D1B-93AD-644513196C7E}.AppStore|ARM.ActiveCfg = Release|Any CPU
		{FA2BB1E3-55EB-4D1B-93AD-644513196C7E}.AppStore|ARM.Build.0 = Release|Any CPU
		{FA2BB1E3-55EB-4D1B-93AD-644513196C7E}.AppStore|iPhone.ActiveCfg = Release|Any CPU
		{FA2BB1E3-55EB-4D1B-93AD-644513196C7E}.AppStore|iPhone.Build.0 = Release|Any CPU
		{FA2BB1E3-55EB-4D1B-93AD-644513196C7E}.AppStore|iPhoneSimulator.ActiveCfg = Release|Any CPU
		{FA2BB1E3-55EB-4D1B-93AD-644513196C7E}.AppStore|iPhoneSimulator.Build.0 = Release|Any CPU
		{FA2BB1E3-55EB-4D1B-93AD-644513196C7E}.AppStore|Mixed Platforms.ActiveCfg = Release|Any CPU
		{FA2BB1E3-55EB-4D1B-93AD-644513196C7E}.AppStore|Mixed Platforms.Build.0 = Release|Any CPU
		{FA2BB1E3-55EB-4D1B-93AD-644513196C7E}.AppStore|x64.ActiveCfg = Release|Any CPU
		{FA2BB1E3-55EB-4D1B-93AD-644513196C7E}.AppStore|x64.Build.0 = Release|Any CPU
		{FA2BB1E3-55EB-4D1B-93AD-644513196C7E}.AppStore|x86.ActiveCfg = Release|Any CPU
		{FA2BB1E3-55EB-4D1B-93AD-644513196C7E}.AppStore|x86.Build.0 = Release|Any CPU
		{FA2BB1E3-55EB-4D1B-93AD-644513196C7E}.Debug|Any CPU.ActiveCfg = Debug|Any CPU
		{FA2BB1E3-55EB-4D1B-93AD-644513196C7E}.Debug|Any CPU.Build.0 = Debug|Any CPU
		{FA2BB1E3-55EB-4D1B-93AD-644513196C7E}.Debug|ARM.ActiveCfg = Debug|Any CPU
		{FA2BB1E3-55EB-4D1B-93AD-644513196C7E}.Debug|ARM.Build.0 = Debug|Any CPU
		{FA2BB1E3-55EB-4D1B-93AD-644513196C7E}.Debug|iPhone.ActiveCfg = Debug|Any CPU
		{FA2BB1E3-55EB-4D1B-93AD-644513196C7E}.Debug|iPhone.Build.0 = Debug|Any CPU
		{FA2BB1E3-55EB-4D1B-93AD-644513196C7E}.Debug|iPhoneSimulator.ActiveCfg = Debug|Any CPU
		{FA2BB1E3-55EB-4D1B-93AD-644513196C7E}.Debug|iPhoneSimulator.Build.0 = Debug|Any CPU
		{FA2BB1E3-55EB-4D1B-93AD-644513196C7E}.Debug|Mixed Platforms.ActiveCfg = Debug|Any CPU
		{FA2BB1E3-55EB-4D1B-93AD-644513196C7E}.Debug|Mixed Platforms.Build.0 = Debug|Any CPU
		{FA2BB1E3-55EB-4D1B-93AD-644513196C7E}.Debug|x64.ActiveCfg = Debug|Any CPU
		{FA2BB1E3-55EB-4D1B-93AD-644513196C7E}.Debug|x64.Build.0 = Debug|Any CPU
		{FA2BB1E3-55EB-4D1B-93AD-644513196C7E}.Debug|x86.ActiveCfg = Debug|Any CPU
		{FA2BB1E3-55EB-4D1B-93AD-644513196C7E}.Debug|x86.Build.0 = Debug|Any CPU
		{FA2BB1E3-55EB-4D1B-93AD-644513196C7E}.Release|Any CPU.ActiveCfg = Release|Any CPU
		{FA2BB1E3-55EB-4D1B-93AD-644513196C7E}.Release|Any CPU.Build.0 = Release|Any CPU
		{FA2BB1E3-55EB-4D1B-93AD-644513196C7E}.Release|ARM.ActiveCfg = Release|Any CPU
		{FA2BB1E3-55EB-4D1B-93AD-644513196C7E}.Release|ARM.Build.0 = Release|Any CPU
		{FA2BB1E3-55EB-4D1B-93AD-644513196C7E}.Release|iPhone.ActiveCfg = Release|Any CPU
		{FA2BB1E3-55EB-4D1B-93AD-644513196C7E}.Release|iPhone.Build.0 = Release|Any CPU
		{FA2BB1E3-55EB-4D1B-93AD-644513196C7E}.Release|iPhoneSimulator.ActiveCfg = Release|Any CPU
		{FA2BB1E3-55EB-4D1B-93AD-644513196C7E}.Release|iPhoneSimulator.Build.0 = Release|Any CPU
		{FA2BB1E3-55EB-4D1B-93AD-644513196C7E}.Release|Mixed Platforms.ActiveCfg = Release|Any CPU
		{FA2BB1E3-55EB-4D1B-93AD-644513196C7E}.Release|Mixed Platforms.Build.0 = Release|Any CPU
		{FA2BB1E3-55EB-4D1B-93AD-644513196C7E}.Release|x64.ActiveCfg = Release|Any CPU
		{FA2BB1E3-55EB-4D1B-93AD-644513196C7E}.Release|x64.Build.0 = Release|Any CPU
		{FA2BB1E3-55EB-4D1B-93AD-644513196C7E}.Release|x86.ActiveCfg = Release|Any CPU
		{FA2BB1E3-55EB-4D1B-93AD-644513196C7E}.Release|x86.Build.0 = Release|Any CPU
		{C78AF30B-065C-4BA7-BD6D-1F63004115A0}.Ad-Hoc|Any CPU.ActiveCfg = Release|Any CPU
		{C78AF30B-065C-4BA7-BD6D-1F63004115A0}.Ad-Hoc|Any CPU.Build.0 = Release|Any CPU
		{C78AF30B-065C-4BA7-BD6D-1F63004115A0}.Ad-Hoc|ARM.ActiveCfg = Release|ARM
		{C78AF30B-065C-4BA7-BD6D-1F63004115A0}.Ad-Hoc|ARM.Build.0 = Release|ARM
		{C78AF30B-065C-4BA7-BD6D-1F63004115A0}.Ad-Hoc|iPhone.ActiveCfg = Release|Any CPU
		{C78AF30B-065C-4BA7-BD6D-1F63004115A0}.Ad-Hoc|iPhone.Build.0 = Release|Any CPU
		{C78AF30B-065C-4BA7-BD6D-1F63004115A0}.Ad-Hoc|iPhoneSimulator.ActiveCfg = Release|Any CPU
		{C78AF30B-065C-4BA7-BD6D-1F63004115A0}.Ad-Hoc|iPhoneSimulator.Build.0 = Release|Any CPU
		{C78AF30B-065C-4BA7-BD6D-1F63004115A0}.Ad-Hoc|Mixed Platforms.ActiveCfg = Release|x86
		{C78AF30B-065C-4BA7-BD6D-1F63004115A0}.Ad-Hoc|Mixed Platforms.Build.0 = Release|x86
		{C78AF30B-065C-4BA7-BD6D-1F63004115A0}.Ad-Hoc|x64.ActiveCfg = Release|x64
		{C78AF30B-065C-4BA7-BD6D-1F63004115A0}.Ad-Hoc|x64.Build.0 = Release|x64
		{C78AF30B-065C-4BA7-BD6D-1F63004115A0}.Ad-Hoc|x86.ActiveCfg = Release|x86
		{C78AF30B-065C-4BA7-BD6D-1F63004115A0}.Ad-Hoc|x86.Build.0 = Release|x86
		{C78AF30B-065C-4BA7-BD6D-1F63004115A0}.AppStore|Any CPU.ActiveCfg = Release|Any CPU
		{C78AF30B-065C-4BA7-BD6D-1F63004115A0}.AppStore|Any CPU.Build.0 = Release|Any CPU
		{C78AF30B-065C-4BA7-BD6D-1F63004115A0}.AppStore|ARM.ActiveCfg = Release|ARM
		{C78AF30B-065C-4BA7-BD6D-1F63004115A0}.AppStore|ARM.Build.0 = Release|ARM
		{C78AF30B-065C-4BA7-BD6D-1F63004115A0}.AppStore|iPhone.ActiveCfg = Release|Any CPU
		{C78AF30B-065C-4BA7-BD6D-1F63004115A0}.AppStore|iPhone.Build.0 = Release|Any CPU
		{C78AF30B-065C-4BA7-BD6D-1F63004115A0}.AppStore|iPhoneSimulator.ActiveCfg = Release|Any CPU
		{C78AF30B-065C-4BA7-BD6D-1F63004115A0}.AppStore|iPhoneSimulator.Build.0 = Release|Any CPU
		{C78AF30B-065C-4BA7-BD6D-1F63004115A0}.AppStore|Mixed Platforms.ActiveCfg = Release|x86
		{C78AF30B-065C-4BA7-BD6D-1F63004115A0}.AppStore|Mixed Platforms.Build.0 = Release|x86
		{C78AF30B-065C-4BA7-BD6D-1F63004115A0}.AppStore|x64.ActiveCfg = Release|x64
		{C78AF30B-065C-4BA7-BD6D-1F63004115A0}.AppStore|x64.Build.0 = Release|x64
		{C78AF30B-065C-4BA7-BD6D-1F63004115A0}.AppStore|x86.ActiveCfg = Release|x86
		{C78AF30B-065C-4BA7-BD6D-1F63004115A0}.AppStore|x86.Build.0 = Release|x86
		{C78AF30B-065C-4BA7-BD6D-1F63004115A0}.Debug|Any CPU.ActiveCfg = Debug|Any CPU
		{C78AF30B-065C-4BA7-BD6D-1F63004115A0}.Debug|Any CPU.Build.0 = Debug|Any CPU
		{C78AF30B-065C-4BA7-BD6D-1F63004115A0}.Debug|ARM.ActiveCfg = Debug|ARM
		{C78AF30B-065C-4BA7-BD6D-1F63004115A0}.Debug|ARM.Build.0 = Debug|ARM
		{C78AF30B-065C-4BA7-BD6D-1F63004115A0}.Debug|iPhone.ActiveCfg = Debug|Any CPU
		{C78AF30B-065C-4BA7-BD6D-1F63004115A0}.Debug|iPhone.Build.0 = Debug|Any CPU
		{C78AF30B-065C-4BA7-BD6D-1F63004115A0}.Debug|iPhoneSimulator.ActiveCfg = Debug|Any CPU
		{C78AF30B-065C-4BA7-BD6D-1F63004115A0}.Debug|iPhoneSimulator.Build.0 = Debug|Any CPU
		{C78AF30B-065C-4BA7-BD6D-1F63004115A0}.Debug|Mixed Platforms.ActiveCfg = Debug|x86
		{C78AF30B-065C-4BA7-BD6D-1F63004115A0}.Debug|Mixed Platforms.Build.0 = Debug|x86
		{C78AF30B-065C-4BA7-BD6D-1F63004115A0}.Debug|x64.ActiveCfg = Debug|x64
		{C78AF30B-065C-4BA7-BD6D-1F63004115A0}.Debug|x64.Build.0 = Debug|x64
		{C78AF30B-065C-4BA7-BD6D-1F63004115A0}.Debug|x86.ActiveCfg = Debug|x86
		{C78AF30B-065C-4BA7-BD6D-1F63004115A0}.Debug|x86.Build.0 = Debug|x86
		{C78AF30B-065C-4BA7-BD6D-1F63004115A0}.Release|Any CPU.ActiveCfg = Release|Any CPU
		{C78AF30B-065C-4BA7-BD6D-1F63004115A0}.Release|Any CPU.Build.0 = Release|Any CPU
		{C78AF30B-065C-4BA7-BD6D-1F63004115A0}.Release|ARM.ActiveCfg = Release|ARM
		{C78AF30B-065C-4BA7-BD6D-1F63004115A0}.Release|ARM.Build.0 = Release|ARM
		{C78AF30B-065C-4BA7-BD6D-1F63004115A0}.Release|iPhone.ActiveCfg = Release|Any CPU
		{C78AF30B-065C-4BA7-BD6D-1F63004115A0}.Release|iPhone.Build.0 = Release|Any CPU
		{C78AF30B-065C-4BA7-BD6D-1F63004115A0}.Release|iPhoneSimulator.ActiveCfg = Release|Any CPU
		{C78AF30B-065C-4BA7-BD6D-1F63004115A0}.Release|iPhoneSimulator.Build.0 = Release|Any CPU
		{C78AF30B-065C-4BA7-BD6D-1F63004115A0}.Release|Mixed Platforms.ActiveCfg = Release|x86
		{C78AF30B-065C-4BA7-BD6D-1F63004115A0}.Release|Mixed Platforms.Build.0 = Release|x86
		{C78AF30B-065C-4BA7-BD6D-1F63004115A0}.Release|x64.ActiveCfg = Release|x64
		{C78AF30B-065C-4BA7-BD6D-1F63004115A0}.Release|x64.Build.0 = Release|x64
		{C78AF30B-065C-4BA7-BD6D-1F63004115A0}.Release|x86.ActiveCfg = Release|x86
		{C78AF30B-065C-4BA7-BD6D-1F63004115A0}.Release|x86.Build.0 = Release|x86
		{86CED844-9019-4AF5-9467-252A106551D1}.Ad-Hoc|Any CPU.ActiveCfg = Debug|Any CPU
		{86CED844-9019-4AF5-9467-252A106551D1}.Ad-Hoc|Any CPU.Build.0 = Debug|Any CPU
		{86CED844-9019-4AF5-9467-252A106551D1}.Ad-Hoc|ARM.ActiveCfg = Debug|Any CPU
		{86CED844-9019-4AF5-9467-252A106551D1}.Ad-Hoc|ARM.Build.0 = Debug|Any CPU
		{86CED844-9019-4AF5-9467-252A106551D1}.Ad-Hoc|iPhone.ActiveCfg = Debug|Any CPU
		{86CED844-9019-4AF5-9467-252A106551D1}.Ad-Hoc|iPhone.Build.0 = Debug|Any CPU
		{86CED844-9019-4AF5-9467-252A106551D1}.Ad-Hoc|iPhoneSimulator.ActiveCfg = Debug|Any CPU
		{86CED844-9019-4AF5-9467-252A106551D1}.Ad-Hoc|iPhoneSimulator.Build.0 = Debug|Any CPU
		{86CED844-9019-4AF5-9467-252A106551D1}.Ad-Hoc|Mixed Platforms.ActiveCfg = Debug|Any CPU
		{86CED844-9019-4AF5-9467-252A106551D1}.Ad-Hoc|Mixed Platforms.Build.0 = Debug|Any CPU
		{86CED844-9019-4AF5-9467-252A106551D1}.Ad-Hoc|x64.ActiveCfg = Debug|Any CPU
		{86CED844-9019-4AF5-9467-252A106551D1}.Ad-Hoc|x64.Build.0 = Debug|Any CPU
		{86CED844-9019-4AF5-9467-252A106551D1}.Ad-Hoc|x86.ActiveCfg = Debug|Any CPU
		{86CED844-9019-4AF5-9467-252A106551D1}.Ad-Hoc|x86.Build.0 = Debug|Any CPU
		{86CED844-9019-4AF5-9467-252A106551D1}.AppStore|Any CPU.ActiveCfg = Debug|Any CPU
		{86CED844-9019-4AF5-9467-252A106551D1}.AppStore|Any CPU.Build.0 = Debug|Any CPU
		{86CED844-9019-4AF5-9467-252A106551D1}.AppStore|ARM.ActiveCfg = Debug|Any CPU
		{86CED844-9019-4AF5-9467-252A106551D1}.AppStore|ARM.Build.0 = Debug|Any CPU
		{86CED844-9019-4AF5-9467-252A106551D1}.AppStore|iPhone.ActiveCfg = Debug|Any CPU
		{86CED844-9019-4AF5-9467-252A106551D1}.AppStore|iPhone.Build.0 = Debug|Any CPU
		{86CED844-9019-4AF5-9467-252A106551D1}.AppStore|iPhoneSimulator.ActiveCfg = Debug|Any CPU
		{86CED844-9019-4AF5-9467-252A106551D1}.AppStore|iPhoneSimulator.Build.0 = Debug|Any CPU
		{86CED844-9019-4AF5-9467-252A106551D1}.AppStore|Mixed Platforms.ActiveCfg = Debug|Any CPU
		{86CED844-9019-4AF5-9467-252A106551D1}.AppStore|Mixed Platforms.Build.0 = Debug|Any CPU
		{86CED844-9019-4AF5-9467-252A106551D1}.AppStore|x64.ActiveCfg = Debug|Any CPU
		{86CED844-9019-4AF5-9467-252A106551D1}.AppStore|x64.Build.0 = Debug|Any CPU
		{86CED844-9019-4AF5-9467-252A106551D1}.AppStore|x86.ActiveCfg = Debug|Any CPU
		{86CED844-9019-4AF5-9467-252A106551D1}.AppStore|x86.Build.0 = Debug|Any CPU
		{86CED844-9019-4AF5-9467-252A106551D1}.Debug|Any CPU.ActiveCfg = Debug|Any CPU
		{86CED844-9019-4AF5-9467-252A106551D1}.Debug|Any CPU.Build.0 = Debug|Any CPU
		{86CED844-9019-4AF5-9467-252A106551D1}.Debug|ARM.ActiveCfg = Debug|Any CPU
		{86CED844-9019-4AF5-9467-252A106551D1}.Debug|ARM.Build.0 = Debug|Any CPU
		{86CED844-9019-4AF5-9467-252A106551D1}.Debug|iPhone.ActiveCfg = Debug|Any CPU
		{86CED844-9019-4AF5-9467-252A106551D1}.Debug|iPhone.Build.0 = Debug|Any CPU
		{86CED844-9019-4AF5-9467-252A106551D1}.Debug|iPhoneSimulator.ActiveCfg = Debug|Any CPU
		{86CED844-9019-4AF5-9467-252A106551D1}.Debug|iPhoneSimulator.Build.0 = Debug|Any CPU
		{86CED844-9019-4AF5-9467-252A106551D1}.Debug|Mixed Platforms.ActiveCfg = Debug|Any CPU
		{86CED844-9019-4AF5-9467-252A106551D1}.Debug|Mixed Platforms.Build.0 = Debug|Any CPU
		{86CED844-9019-4AF5-9467-252A106551D1}.Debug|x64.ActiveCfg = Debug|Any CPU
		{86CED844-9019-4AF5-9467-252A106551D1}.Debug|x64.Build.0 = Debug|Any CPU
		{86CED844-9019-4AF5-9467-252A106551D1}.Debug|x86.ActiveCfg = Debug|Any CPU
		{86CED844-9019-4AF5-9467-252A106551D1}.Debug|x86.Build.0 = Debug|Any CPU
		{86CED844-9019-4AF5-9467-252A106551D1}.Release|Any CPU.ActiveCfg = Release|Any CPU
		{86CED844-9019-4AF5-9467-252A106551D1}.Release|Any CPU.Build.0 = Release|Any CPU
		{86CED844-9019-4AF5-9467-252A106551D1}.Release|ARM.ActiveCfg = Release|Any CPU
		{86CED844-9019-4AF5-9467-252A106551D1}.Release|ARM.Build.0 = Release|Any CPU
		{86CED844-9019-4AF5-9467-252A106551D1}.Release|iPhone.ActiveCfg = Release|Any CPU
		{86CED844-9019-4AF5-9467-252A106551D1}.Release|iPhone.Build.0 = Release|Any CPU
		{86CED844-9019-4AF5-9467-252A106551D1}.Release|iPhoneSimulator.ActiveCfg = Release|Any CPU
		{86CED844-9019-4AF5-9467-252A106551D1}.Release|iPhoneSimulator.Build.0 = Release|Any CPU
		{86CED844-9019-4AF5-9467-252A106551D1}.Release|Mixed Platforms.ActiveCfg = Release|Any CPU
		{86CED844-9019-4AF5-9467-252A106551D1}.Release|Mixed Platforms.Build.0 = Release|Any CPU
		{86CED844-9019-4AF5-9467-252A106551D1}.Release|x64.ActiveCfg = Release|Any CPU
		{86CED844-9019-4AF5-9467-252A106551D1}.Release|x64.Build.0 = Release|Any CPU
		{86CED844-9019-4AF5-9467-252A106551D1}.Release|x86.ActiveCfg = Release|Any CPU
		{86CED844-9019-4AF5-9467-252A106551D1}.Release|x86.Build.0 = Release|Any CPU
	EndGlobalSection
	GlobalSection(SolutionProperties) = preSolution
		HideSolutionNode = FALSE
	EndGlobalSection
	GlobalSection(NestedProjects) = preSolution
		{548B2E19-CE1B-4908-9D08-85C8F037439C} = {612C7282-D40A-40A3-9A6B-EFCFB979DE84}
		{9D4985B3-5448-442B-9261-45851898001D} = {612C7282-D40A-40A3-9A6B-EFCFB979DE84}
		{D27B7763-76AE-459A-8BA9-4079E3773E59} = {612C7282-D40A-40A3-9A6B-EFCFB979DE84}
		{86CED844-9019-4AF5-9467-252A106551D1} = {612C7282-D40A-40A3-9A6B-EFCFB979DE84}
	EndGlobalSection
EndGlobal
