
Microsoft Visual Studio Solution File, Format Version 12.00
# Visual Studio 15
VisualStudioVersion = 15.0.27130.2010
MinimumVisualStudioVersion = 10.0.40219.1
Project("{FAE04EC0-301F-11D3-BF4B-00C04F79EFBC}") = "Samples.iOS", "Samples\Samples.iOS\Samples.iOS.csproj", "{548B2E19-CE1B-4908-9D08-85C8F037439C}"
EndProject
Project("{FAE04EC0-301F-11D3-BF4B-00C04F79EFBC}") = "Samples.Droid", "Samples\Samples.Droid\Samples.Droid.csproj", "{9D4985B3-5448-442B-9261-45851898001D}"
EndProject
Project("{2150E333-8FDC-42A3-9474-1A3956D46DE8}") = "Solution Items", "Solution Items", "{70BDA3FF-41F7-491C-A23D-2FD65CE1CDA0}"
	ProjectSection(SolutionItems) = preProject
		basics.md = basics.md
		bonus.md = bonus.md
		calendar.md = calendar.md
		CHANGELOG.md = CHANGELOG.md
		faq.md = faq.md
		geofencing.md = geofencing.md
		icon.png = icon.png
		interval.md = interval.md
		ISSUE_TEMPLATE = ISSUE_TEMPLATE
		LICENSE.md = LICENSE.md
		nuget.exe = nuget.exe
		platform_android.md = platform_android.md
		platform_ios.md = platform_ios.md
		platform_uwp.md = platform_uwp.md
		push.cmd = push.cmd
		README.md = README.md
		sounds.md = sounds.md
		triggers.md = triggers.md
	EndProjectSection
EndProject
Project("{FAE04EC0-301F-11D3-BF4B-00C04F79EFBC}") = "Samples.Uwp", "Samples\Samples.Uwp\Samples.Uwp.csproj", "{D27B7763-76AE-459A-8BA9-4079E3773E59}"
EndProject
Project("{9A19103F-16F7-4668-BE54-9A1E7A4F7556}") = "Plugin.Notifications", "Plugin.Notifications\Plugin.Notifications.csproj", "{5F6F3BA3-74C7-451A-AEAF-D9569A934CBB}"
EndProject
Project("{9A19103F-16F7-4668-BE54-9A1E7A4F7556}") = "Samples.Core", "Samples\Samples.Core\Samples.Core.csproj", "{86CED844-9019-4AF5-9467-252A106551D1}"
EndProject
Global
	GlobalSection(SolutionConfigurationPlatforms) = preSolution
		Ad-Hoc|Any CPU = Ad-Hoc|Any CPU
		Ad-Hoc|ARM = Ad-Hoc|ARM
		Ad-Hoc|iPhone = Ad-Hoc|iPhone
		Ad-Hoc|iPhoneSimulator = Ad-Hoc|iPhoneSimulator
		Ad-Hoc|Mixed Platforms = Ad-Hoc|Mixed Platforms
		Ad-Hoc|x64 = Ad-Hoc|x64
		Ad-Hoc|x86 = Ad-Hoc|x86
		AppStore|Any CPU = AppStore|Any CPU
		AppStore|ARM = AppStore|ARM
		AppStore|iPhone = AppStore|iPhone
		AppStore|iPhoneSimulator = AppStore|iPhoneSimulator
		AppStore|Mixed Platforms = AppStore|Mixed Platforms
		AppStore|x64 = AppStore|x64
		AppStore|x86 = AppStore|x86
		Debug|Any CPU = Debug|Any CPU
		Debug|ARM = Debug|ARM
		Debug|iPhone = Debug|iPhone
		Debug|iPhoneSimulator = Debug|iPhoneSimulator
		Debug|Mixed Platforms = Debug|Mixed Platforms
		Debug|x64 = Debug|x64
		Debug|x86 = Debug|x86
		Release|Any CPU = Release|Any CPU
		Release|ARM = Release|ARM
		Release|iPhone = Release|iPhone
		Release|iPhoneSimulator = Release|iPhoneSimulator
		Release|Mixed Platforms = Release|Mixed Platforms
		Release|x64 = Release|x64
		Release|x86 = Release|x86
	EndGlobalSection
	GlobalSection(ProjectConfigurationPlatforms) = postSolution
		{548B2E19-CE1B-4908-9D08-85C8F037439C}.Ad-Hoc|Any CPU.ActiveCfg = Ad-Hoc|iPhone
		{548B2E19-CE1B-4908-9D08-85C8F037439C}.Ad-Hoc|ARM.ActiveCfg = Ad-Hoc|iPhone
		{548B2E19-CE1B-4908-9D08-85C8F037439C}.Ad-Hoc|iPhone.ActiveCfg = Ad-Hoc|iPhone
		{548B2E19-CE1B-4908-9D08-85C8F037439C}.Ad-Hoc|iPhone.Build.0 = Ad-Hoc|iPhone
		{548B2E19-CE1B-4908-9D08-85C8F037439C}.Ad-Hoc|iPhoneSimulator.ActiveCfg = Ad-Hoc|iPhoneSimulator
		{548B2E19-CE1B-4908-9D08-85C8F037439C}.Ad-Hoc|iPhoneSimulator.Build.0 = Ad-Hoc|iPhoneSimulator
		{548B2E19-CE1B-4908-9D08-85C8F037439C}.Ad-Hoc|Mixed Platforms.ActiveCfg = Ad-Hoc|iPhone
		{548B2E19-CE1B-4908-9D08-85C8F037439C}.Ad-Hoc|Mixed Platforms.Build.0 = Ad-Hoc|iPhone
		{548B2E19-CE1B-4908-9D08-85C8F037439C}.Ad-Hoc|x64.ActiveCfg = Ad-Hoc|iPhone
		{548B2E19-CE1B-4908-9D08-85C8F037439C}.Ad-Hoc|x86.ActiveCfg = Ad-Hoc|iPhone
		{548B2E19-CE1B-4908-9D08-85C8F037439C}.AppStore|Any CPU.ActiveCfg = AppStore|iPhone
		{548B2E19-CE1B-4908-9D08-85C8F037439C}.AppStore|ARM.ActiveCfg = AppStore|iPhone
		{548B2E19-CE1B-4908-9D08-85C8F037439C}.AppStore|iPhone.ActiveCfg = AppStore|iPhone
		{548B2E19-CE1B-4908-9D08-85C8F037439C}.AppStore|iPhone.Build.0 = AppStore|iPhone
		{548B2E19-CE1B-4908-9D08-85C8F037439C}.AppStore|iPhoneSimulator.ActiveCfg = AppStore|iPhoneSimulator
		{548B2E19-CE1B-4908-9D08-85C8F037439C}.AppStore|iPhoneSimulator.Build.0 = AppStore|iPhoneSimulator
		{548B2E19-CE1B-4908-9D08-85C8F037439C}.AppStore|Mixed Platforms.ActiveCfg = AppStore|iPhone
		{548B2E19-CE1B-4908-9D08-85C8F037439C}.AppStore|Mixed Platforms.Build.0 = AppStore|iPhone
		{548B2E19-CE1B-4908-9D08-85C8F037439C}.AppStore|x64.ActiveCfg = AppStore|iPhone
		{548B2E19-CE1B-4908-9D08-85C8F037439C}.AppStore|x86.ActiveCfg = AppStore|iPhone
		{548B2E19-CE1B-4908-9D08-85C8F037439C}.Debug|Any CPU.ActiveCfg = Debug|iPhone
		{548B2E19-CE1B-4908-9D08-85C8F037439C}.Debug|Any CPU.Build.0 = Debug|iPhone
		{548B2E19-CE1B-4908-9D08-85C8F037439C}.Debug|ARM.ActiveCfg = Debug|iPhone
		{548B2E19-CE1B-4908-9D08-85C8F037439C}.Debug|iPhone.ActiveCfg = Debug|iPhone
		{548B2E19-CE1B-4908-9D08-85C8F037439C}.Debug|iPhone.Build.0 = Debug|iPhone
		{548B2E19-CE1B-4908-9D08-85C8F037439C}.Debug|iPhoneSimulator.ActiveCfg = Debug|iPhoneSimulator
		{548B2E19-CE1B-4908-9D08-85C8F037439C}.Debug|iPhoneSimulator.Build.0 = Debug|iPhoneSimulator
		{548B2E19-CE1B-4908-9D08-85C8F037439C}.Debug|Mixed Platforms.ActiveCfg = Debug|iPhone
		{548B2E19-CE1B-4908-9D08-85C8F037439C}.Debug|Mixed Platforms.Build.0 = Debug|iPhone
		{548B2E19-CE1B-4908-9D08-85C8F037439C}.Debug|x64.ActiveCfg = Debug|iPhone
		{548B2E19-CE1B-4908-9D08-85C8F037439C}.Debug|x86.ActiveCfg = Debug|iPhone
		{548B2E19-CE1B-4908-9D08-85C8F037439C}.Release|Any CPU.ActiveCfg = Release|iPhone
		{548B2E19-CE1B-4908-9D08-85C8F037439C}.Release|ARM.ActiveCfg = Release|iPhone
		{548B2E19-CE1B-4908-9D08-85C8F037439C}.Release|iPhone.ActiveCfg = Release|iPhone
		{548B2E19-CE1B-4908-9D08-85C8F037439C}.Release|iPhone.Build.0 = Release|iPhone
		{548B2E19-CE1B-4908-9D08-85C8F037439C}.Release|iPhoneSimulator.ActiveCfg = Release|iPhoneSimulator
		{548B2E19-CE1B-4908-9D08-85C8F037439C}.Release|iPhoneSimulator.Build.0 = Release|iPhoneSimulator
		{548B2E19-CE1B-4908-9D08-85C8F037439C}.Release|Mixed Platforms.ActiveCfg = Release|iPhone
		{548B2E19-CE1B-4908-9D08-85C8F037439C}.Release|Mixed Platforms.Build.0 = Release|iPhone
		{548B2E19-CE1B-4908-9D08-85C8F037439C}.Release|x64.ActiveCfg = Release|iPhone
		{548B2E19-CE1B-4908-9D08-85C8F037439C}.Release|x86.ActiveCfg = Release|iPhone
		{9D4985B3-5448-442B-9261-45851898001D}.Ad-Hoc|Any CPU.ActiveCfg = Release|Any CPU
		{9D4985B3-5448-442B-9261-45851898001D}.Ad-Hoc|Any CPU.Build.0 = Release|Any CPU
		{9D4985B3-5448-442B-9261-45851898001D}.Ad-Hoc|Any CPU.Deploy.0 = Release|Any CPU
		{9D4985B3-5448-442B-9261-45851898001D}.Ad-Hoc|ARM.ActiveCfg = Release|Any CPU
		{9D4985B3-5448-442B-9261-45851898001D}.Ad-Hoc|iPhone.ActiveCfg = Release|Any CPU
		{9D4985B3-5448-442B-9261-45851898001D}.Ad-Hoc|iPhoneSimulator.ActiveCfg = Release|Any CPU
		{9D4985B3-5448-442B-9261-45851898001D}.Ad-Hoc|Mixed Platforms.ActiveCfg = Release|Any CPU
		{9D4985B3-5448-442B-9261-45851898001D}.Ad-Hoc|Mixed Platforms.Build.0 = Release|Any CPU
		{9D4985B3-5448-442B-9261-45851898001D}.Ad-Hoc|Mixed Platforms.Deploy.0 = Release|Any CPU
		{9D4985B3-5448-442B-9261-45851898001D}.Ad-Hoc|x64.ActiveCfg = Release|Any CPU
		{9D4985B3-5448-442B-9261-45851898001D}.Ad-Hoc|x86.ActiveCfg = Release|Any CPU
		{9D4985B3-5448-442B-9261-45851898001D}.AppStore|Any CPU.ActiveCfg = Release|Any CPU
		{9D4985B3-5448-442B-9261-45851898001D}.AppStore|Any CPU.Build.0 = Release|Any CPU
		{9D4985B3-5448-442B-9261-45851898001D}.AppStore|Any CPU.Deploy.0 = Release|Any CPU
		{9D4985B3-5448-442B-9261-45851898001D}.AppStore|ARM.ActiveCfg = Release|Any CPU
		{9D4985B3-5448-442B-9261-45851898001D}.AppStore|iPhone.ActiveCfg = Release|Any CPU
		{9D4985B3-5448-442B-9261-45851898001D}.AppStore|iPhoneSimulator.ActiveCfg = Release|Any CPU
		{9D4985B3-5448-442B-9261-45851898001D}.AppStore|Mixed Platforms.ActiveCfg = Release|Any CPU
		{9D4985B3-5448-442B-9261-45851898001D}.AppStore|Mixed Platforms.Build.0 = Release|Any CPU
		{9D4985B3-5448-442B-9261-45851898001D}.AppStore|Mixed Platforms.Deploy.0 = Release|Any CPU
		{9D4985B3-5448-442B-9261-45851898001D}.AppStore|x64.ActiveCfg = Release|Any CPU
		{9D4985B3-5448-442B-9261-45851898001D}.AppStore|x86.ActiveCfg = Release|Any CPU
		{9D4985B3-5448-442B-9261-45851898001D}.Debug|Any CPU.ActiveCfg = Debug|Any CPU
		{9D4985B3-5448-442B-9261-45851898001D}.Debug|Any CPU.Build.0 = Debug|Any CPU
		{9D4985B3-5448-442B-9261-45851898001D}.Debug|Any CPU.Deploy.0 = Debug|Any CPU
		{9D4985B3-5448-442B-9261-45851898001D}.Debug|ARM.ActiveCfg = Debug|Any CPU
		{9D4985B3-5448-442B-9261-45851898001D}.Debug|iPhone.ActiveCfg = Debug|Any CPU
		{9D4985B3-5448-442B-9261-45851898001D}.Debug|iPhoneSimulator.ActiveCfg = Debug|Any CPU
		{9D4985B3-5448-442B-9261-45851898001D}.Debug|Mixed Platforms.ActiveCfg = Debug|Any CPU
		{9D4985B3-5448-442B-9261-45851898001D}.Debug|Mixed Platforms.Build.0 = Debug|Any CPU
		{9D4985B3-5448-442B-9261-45851898001D}.Debug|Mixed Platforms.Deploy.0 = Debug|Any CPU
		{9D4985B3-5448-442B-9261-45851898001D}.Debug|x64.ActiveCfg = Debug|Any CPU
		{9D4985B3-5448-442B-9261-45851898001D}.Debug|x86.ActiveCfg = Debug|Any CPU
		{9D4985B3-5448-442B-9261-45851898001D}.Release|Any CPU.ActiveCfg = Release|Any CPU
		{9D4985B3-5448-442B-9261-45851898001D}.Release|ARM.ActiveCfg = Release|Any CPU
		{9D4985B3-5448-442B-9261-45851898001D}.Release|iPhone.ActiveCfg = Release|Any CPU
		{9D4985B3-5448-442B-9261-45851898001D}.Release|iPhoneSimulator.ActiveCfg = Release|Any CPU
		{9D4985B3-5448-442B-9261-45851898001D}.Release|Mixed Platforms.ActiveCfg = Release|Any CPU
		{9D4985B3-5448-442B-9261-45851898001D}.Release|Mixed Platforms.Build.0 = Release|Any CPU
		{9D4985B3-5448-442B-9261-45851898001D}.Release|Mixed Platforms.Deploy.0 = Release|Any CPU
		{9D4985B3-5448-442B-9261-45851898001D}.Release|x64.ActiveCfg = Release|Any CPU
		{9D4985B3-5448-442B-9261-45851898001D}.Release|x86.ActiveCfg = Release|Any CPU
		{D27B7763-76AE-459A-8BA9-4079E3773E59}.Ad-Hoc|Any CPU.ActiveCfg = Release|x64
		{D27B7763-76AE-459A-8BA9-4079E3773E59}.Ad-Hoc|Any CPU.Build.0 = Release|x64
		{D27B7763-76AE-459A-8BA9-4079E3773E59}.Ad-Hoc|Any CPU.Deploy.0 = Release|x64
		{D27B7763-76AE-459A-8BA9-4079E3773E59}.Ad-Hoc|ARM.ActiveCfg = Release|ARM
		{D27B7763-76AE-459A-8BA9-4079E3773E59}.Ad-Hoc|ARM.Build.0 = Release|ARM
		{D27B7763-76AE-459A-8BA9-4079E3773E59}.Ad-Hoc|ARM.Deploy.0 = Release|ARM
		{D27B7763-76AE-459A-8BA9-4079E3773E59}.Ad-Hoc|iPhone.ActiveCfg = Release|x64
		{D27B7763-76AE-459A-8BA9-4079E3773E59}.Ad-Hoc|iPhone.Build.0 = Release|x64
		{D27B7763-76AE-459A-8BA9-4079E3773E59}.Ad-Hoc|iPhone.Deploy.0 = Release|x64
		{D27B7763-76AE-459A-8BA9-4079E3773E59}.Ad-Hoc|iPhoneSimulator.ActiveCfg = Release|x64
		{D27B7763-76AE-459A-8BA9-4079E3773E59}.Ad-Hoc|iPhoneSimulator.Build.0 = Release|x64
		{D27B7763-76AE-459A-8BA9-4079E3773E59}.Ad-Hoc|iPhoneSimulator.Deploy.0 = Release|x64
		{D27B7763-76AE-459A-8BA9-4079E3773E59}.Ad-Hoc|Mixed Platforms.ActiveCfg = Release|x86
		{D27B7763-76AE-459A-8BA9-4079E3773E59}.Ad-Hoc|Mixed Platforms.Build.0 = Release|x86
		{D27B7763-76AE-459A-8BA9-4079E3773E59}.Ad-Hoc|Mixed Platforms.Deploy.0 = Release|x86
		{D27B7763-76AE-459A-8BA9-4079E3773E59}.Ad-Hoc|x64.ActiveCfg = Release|x64
		{D27B7763-76AE-459A-8BA9-4079E3773E59}.Ad-Hoc|x64.Build.0 = Release|x64
		{D27B7763-76AE-459A-8BA9-4079E3773E59}.Ad-Hoc|x64.Deploy.0 = Release|x64
		{D27B7763-76AE-459A-8BA9-4079E3773E59}.Ad-Hoc|x86.ActiveCfg = Release|x86
		{D27B7763-76AE-459A-8BA9-4079E3773E59}.Ad-Hoc|x86.Build.0 = Release|x86
		{D27B7763-76AE-459A-8BA9-4079E3773E59}.Ad-Hoc|x86.Deploy.0 = Release|x86
		{D27B7763-76AE-459A-8BA9-4079E3773E59}.AppStore|Any CPU.ActiveCfg = Release|x64
		{D27B7763-76AE-459A-8BA9-4079E3773E59}.AppStore|Any CPU.Build.0 = Release|x64
		{D27B7763-76AE-459A-8BA9-4079E3773E59}.AppStore|Any CPU.Deploy.0 = Release|x64
		{D27B7763-76AE-459A-8BA9-4079E3773E59}.AppStore|ARM.ActiveCfg = Release|ARM
		{D27B7763-76AE-459A-8BA9-4079E3773E59}.AppStore|ARM.Build.0 = Release|ARM
		{D27B7763-76AE-459A-8BA9-4079E3773E59}.AppStore|ARM.Deploy.0 = Release|ARM
		{D27B7763-76AE-459A-8BA9-4079E3773E59}.AppStore|iPhone.ActiveCfg = Release|x64
		{D27B7763-76AE-459A-8BA9-4079E3773E59}.AppStore|iPhone.Build.0 = Release|x64
		{D27B7763-76AE-459A-8BA9-4079E3773E59}.AppStore|iPhone.Deploy.0 = Release|x64
		{D27B7763-76AE-459A-8BA9-4079E3773E59}.AppStore|iPhoneSimulator.ActiveCfg = Release|x64
		{D27B7763-76AE-459A-8BA9-4079E3773E59}.AppStore|iPhoneSimulator.Build.0 = Release|x64
		{D27B7763-76AE-459A-8BA9-4079E3773E59}.AppStore|iPhoneSimulator.Deploy.0 = Release|x64
		{D27B7763-76AE-459A-8BA9-4079E3773E59}.AppStore|Mixed Platforms.ActiveCfg = Release|x86
		{D27B7763-76AE-459A-8BA9-4079E3773E59}.AppStore|Mixed Platforms.Build.0 = Release|x86
		{D27B7763-76AE-459A-8BA9-4079E3773E59}.AppStore|Mixed Platforms.Deploy.0 = Release|x86
		{D27B7763-76AE-459A-8BA9-4079E3773E59}.AppStore|x64.ActiveCfg = Release|x64
		{D27B7763-76AE-459A-8BA9-4079E3773E59}.AppStore|x64.Build.0 = Release|x64
		{D27B7763-76AE-459A-8BA9-4079E3773E59}.AppStore|x64.Deploy.0 = Release|x64
		{D27B7763-76AE-459A-8BA9-4079E3773E59}.AppStore|x86.ActiveCfg = Release|x86
		{D27B7763-76AE-459A-8BA9-4079E3773E59}.AppStore|x86.Build.0 = Release|x86
		{D27B7763-76AE-459A-8BA9-4079E3773E59}.AppStore|x86.Deploy.0 = Release|x86
		{D27B7763-76AE-459A-8BA9-4079E3773E59}.Debug|Any CPU.ActiveCfg = Debug|x86
		{D27B7763-76AE-459A-8BA9-4079E3773E59}.Debug|Any CPU.Build.0 = Debug|x86
		{D27B7763-76AE-459A-8BA9-4079E3773E59}.Debug|Any CPU.Deploy.0 = Debug|x86
		{D27B7763-76AE-459A-8BA9-4079E3773E59}.Debug|ARM.ActiveCfg = Debug|ARM
		{D27B7763-76AE-459A-8BA9-4079E3773E59}.Debug|ARM.Build.0 = Debug|ARM
		{D27B7763-76AE-459A-8BA9-4079E3773E59}.Debug|ARM.Deploy.0 = Debug|ARM
		{D27B7763-76AE-459A-8BA9-4079E3773E59}.Debug|iPhone.ActiveCfg = Debug|x86
		{D27B7763-76AE-459A-8BA9-4079E3773E59}.Debug|iPhoneSimulator.ActiveCfg = Debug|x86
		{D27B7763-76AE-459A-8BA9-4079E3773E59}.Debug|Mixed Platforms.ActiveCfg = Debug|x86
		{D27B7763-76AE-459A-8BA9-4079E3773E59}.Debug|Mixed Platforms.Build.0 = Debug|x86
		{D27B7763-76AE-459A-8BA9-4079E3773E59}.Debug|Mixed Platforms.Deploy.0 = Debug|x86
		{D27B7763-76AE-459A-8BA9-4079E3773E59}.Debug|x64.ActiveCfg = Debug|x64
		{D27B7763-76AE-459A-8BA9-4079E3773E59}.Debug|x64.Build.0 = Debug|x64
		{D27B7763-76AE-459A-8BA9-4079E3773E59}.Debug|x64.Deploy.0 = Debug|x64
		{D27B7763-76AE-459A-8BA9-4079E3773E59}.Debug|x86.ActiveCfg = Debug|x86
		{D27B7763-76AE-459A-8BA9-4079E3773E59}.Debug|x86.Build.0 = Debug|x86
		{D27B7763-76AE-459A-8BA9-4079E3773E59}.Debug|x86.Deploy.0 = Debug|x86
		{D27B7763-76AE-459A-8BA9-4079E3773E59}.Release|Any CPU.ActiveCfg = Release|x86
		{D27B7763-76AE-459A-8BA9-4079E3773E59}.Release|ARM.ActiveCfg = Release|ARM
		{D27B7763-76AE-459A-8BA9-4079E3773E59}.Release|ARM.Build.0 = Release|ARM
		{D27B7763-76AE-459A-8BA9-4079E3773E59}.Release|ARM.Deploy.0 = Release|ARM
		{D27B7763-76AE-459A-8BA9-4079E3773E59}.Release|iPhone.ActiveCfg = Release|x86
		{D27B7763-76AE-459A-8BA9-4079E3773E59}.Release|iPhoneSimulator.ActiveCfg = Release|x86
		{D27B7763-76AE-459A-8BA9-4079E3773E59}.Release|Mixed Platforms.ActiveCfg = Release|x86
		{D27B7763-76AE-459A-8BA9-4079E3773E59}.Release|Mixed Platforms.Build.0 = Release|x86
		{D27B7763-76AE-459A-8BA9-4079E3773E59}.Release|Mixed Platforms.Deploy.0 = Release|x86
		{D27B7763-76AE-459A-8BA9-4079E3773E59}.Release|x64.ActiveCfg = Release|x64
		{D27B7763-76AE-459A-8BA9-4079E3773E59}.Release|x64.Build.0 = Release|x64
		{D27B7763-76AE-459A-8BA9-4079E3773E59}.Release|x64.Deploy.0 = Release|x64
		{D27B7763-76AE-459A-8BA9-4079E3773E59}.Release|x86.ActiveCfg = Release|x86
		{D27B7763-76AE-459A-8BA9-4079E3773E59}.Release|x86.Build.0 = Release|x86
		{D27B7763-76AE-459A-8BA9-4079E3773E59}.Release|x86.Deploy.0 = Release|x86
		{5F6F3BA3-74C7-451A-AEAF-D9569A934CBB}.Ad-Hoc|Any CPU.ActiveCfg = Debug|Any CPU
		{5F6F3BA3-74C7-451A-AEAF-D9569A934CBB}.Ad-Hoc|Any CPU.Build.0 = Debug|Any CPU
		{5F6F3BA3-74C7-451A-AEAF-D9569A934CBB}.Ad-Hoc|ARM.ActiveCfg = Debug|Any CPU
		{5F6F3BA3-74C7-451A-AEAF-D9569A934CBB}.Ad-Hoc|ARM.Build.0 = Debug|Any CPU
		{5F6F3BA3-74C7-451A-AEAF-D9569A934CBB}.Ad-Hoc|iPhone.ActiveCfg = Debug|Any CPU
		{5F6F3BA3-74C7-451A-AEAF-D9569A934CBB}.Ad-Hoc|iPhone.Build.0 = Debug|Any CPU
		{5F6F3BA3-74C7-451A-AEAF-D9569A934CBB}.Ad-Hoc|iPhoneSimulator.ActiveCfg = Debug|Any CPU
		{5F6F3BA3-74C7-451A-AEAF-D9569A934CBB}.Ad-Hoc|iPhoneSimulator.Build.0 = Debug|Any CPU
		{5F6F3BA3-74C7-451A-AEAF-D9569A934CBB}.Ad-Hoc|Mixed Platforms.ActiveCfg = Debug|Any CPU
		{5F6F3BA3-74C7-451A-AEAF-D9569A934CBB}.Ad-Hoc|Mixed Platforms.Build.0 = Debug|Any CPU
		{5F6F3BA3-74C7-451A-AEAF-D9569A934CBB}.Ad-Hoc|x64.ActiveCfg = Debug|Any CPU
		{5F6F3BA3-74C7-451A-AEAF-D9569A934CBB}.Ad-Hoc|x64.Build.0 = Debug|Any CPU
		{5F6F3BA3-74C7-451A-AEAF-D9569A934CBB}.Ad-Hoc|x86.ActiveCfg = Debug|Any CPU
		{5F6F3BA3-74C7-451A-AEAF-D9569A934CBB}.Ad-Hoc|x86.Build.0 = Debug|Any CPU
		{5F6F3BA3-74C7-451A-AEAF-D9569A934CBB}.AppStore|Any CPU.ActiveCfg = Debug|Any CPU
		{5F6F3BA3-74C7-451A-AEAF-D9569A934CBB}.AppStore|Any CPU.Build.0 = Debug|Any CPU
		{5F6F3BA3-74C7-451A-AEAF-D9569A934CBB}.AppStore|ARM.ActiveCfg = Debug|Any CPU
		{5F6F3BA3-74C7-451A-AEAF-D9569A934CBB}.AppStore|ARM.Build.0 = Debug|Any CPU
		{5F6F3BA3-74C7-451A-AEAF-D9569A934CBB}.AppStore|iPhone.ActiveCfg = Debug|Any CPU
		{5F6F3BA3-74C7-451A-AEAF-D9569A934CBB}.AppStore|iPhone.Build.0 = Debug|Any CPU
		{5F6F3BA3-74C7-451A-AEAF-D9569A934CBB}.AppStore|iPhoneSimulator.ActiveCfg = Debug|Any CPU
		{5F6F3BA3-74C7-451A-AEAF-D9569A934CBB}.AppStore|iPhoneSimulator.Build.0 = Debug|Any CPU
		{5F6F3BA3-74C7-451A-AEAF-D9569A934CBB}.AppStore|Mixed Platforms.ActiveCfg = Debug|Any CPU
		{5F6F3BA3-74C7-451A-AEAF-D9569A934CBB}.AppStore|Mixed Platforms.Build.0 = Debug|Any CPU
		{5F6F3BA3-74C7-451A-AEAF-D9569A934CBB}.AppStore|x64.ActiveCfg = Debug|Any CPU
		{5F6F3BA3-74C7-451A-AEAF-D9569A934CBB}.AppStore|x64.Build.0 = Debug|Any CPU
		{5F6F3BA3-74C7-451A-AEAF-D9569A934CBB}.AppStore|x86.ActiveCfg = Debug|Any CPU
		{5F6F3BA3-74C7-451A-AEAF-D9569A934CBB}.AppStore|x86.Build.0 = Debug|Any CPU
		{5F6F3BA3-74C7-451A-AEAF-D9569A934CBB}.Debug|Any CPU.ActiveCfg = Debug|Any CPU
		{5F6F3BA3-74C7-451A-AEAF-D9569A934CBB}.Debug|Any CPU.Build.0 = Debug|Any CPU
		{5F6F3BA3-74C7-451A-AEAF-D9569A934CBB}.Debug|ARM.ActiveCfg = Debug|Any CPU
		{5F6F3BA3-74C7-451A-AEAF-D9569A934CBB}.Debug|ARM.Build.0 = Debug|Any CPU
		{5F6F3BA3-74C7-451A-AEAF-D9569A934CBB}.Debug|iPhone.ActiveCfg = Debug|Any CPU
		{5F6F3BA3-74C7-451A-AEAF-D9569A934CBB}.Debug|iPhone.Build.0 = Debug|Any CPU
		{5F6F3BA3-74C7-451A-AEAF-D9569A934CBB}.Debug|iPhoneSimulator.ActiveCfg = Debug|Any CPU
		{5F6F3BA3-74C7-451A-AEAF-D9569A934CBB}.Debug|iPhoneSimulator.Build.0 = Debug|Any CPU
		{5F6F3BA3-74C7-451A-AEAF-D9569A934CBB}.Debug|Mixed Platforms.ActiveCfg = Debug|Any CPU
		{5F6F3BA3-74C7-451A-AEAF-D9569A934CBB}.Debug|Mixed Platforms.Build.0 = Debug|Any CPU
		{5F6F3BA3-74C7-451A-AEAF-D9569A934CBB}.Debug|x64.ActiveCfg = Debug|Any CPU
		{5F6F3BA3-74C7-451A-AEAF-D9569A934CBB}.Debug|x64.Build.0 = Debug|Any CPU
		{5F6F3BA3-74C7-451A-AEAF-D9569A934CBB}.Debug|x86.ActiveCfg = Debug|Any CPU
		{5F6F3BA3-74C7-451A-AEAF-D9569A934CBB}.Debug|x86.Build.0 = Debug|Any CPU
		{5F6F3BA3-74C7-451A-AEAF-D9569A934CBB}.Release|Any CPU.ActiveCfg = Release|Any CPU
		{5F6F3BA3-74C7-451A-AEAF-D9569A934CBB}.Release|Any CPU.Build.0 = Release|Any CPU
		{5F6F3BA3-74C7-451A-AEAF-D9569A934CBB}.Release|ARM.ActiveCfg = Release|Any CPU
		{5F6F3BA3-74C7-451A-AEAF-D9569A934CBB}.Release|ARM.Build.0 = Release|Any CPU
		{5F6F3BA3-74C7-451A-AEAF-D9569A934CBB}.Release|iPhone.ActiveCfg = Release|Any CPU
		{5F6F3BA3-74C7-451A-AEAF-D9569A934CBB}.Release|iPhone.Build.0 = Release|Any CPU
		{5F6F3BA3-74C7-451A-AEAF-D9569A934CBB}.Release|iPhoneSimulator.ActiveCfg = Release|Any CPU
		{5F6F3BA3-74C7-451A-AEAF-D9569A934CBB}.Release|iPhoneSimulator.Build.0 = Release|Any CPU
		{5F6F3BA3-74C7-451A-AEAF-D9569A934CBB}.Release|Mixed Platforms.ActiveCfg = Release|Any CPU
		{5F6F3BA3-74C7-451A-AEAF-D9569A934CBB}.Release|Mixed Platforms.Build.0 = Release|Any CPU
		{5F6F3BA3-74C7-451A-AEAF-D9569A934CBB}.Release|x64.ActiveCfg = Release|Any CPU
		{5F6F3BA3-74C7-451A-AEAF-D9569A934CBB}.Release|x64.Build.0 = Release|Any CPU
		{5F6F3BA3-74C7-451A-AEAF-D9569A934CBB}.Release|x86.ActiveCfg = Release|Any CPU
		{5F6F3BA3-74C7-451A-AEAF-D9569A934CBB}.Release|x86.Build.0 = Release|Any CPU
		{86CED844-9019-4AF5-9467-252A106551D1}.Ad-Hoc|Any CPU.ActiveCfg = Debug|Any CPU
		{86CED844-9019-4AF5-9467-252A106551D1}.Ad-Hoc|Any CPU.Build.0 = Debug|Any CPU
		{86CED844-9019-4AF5-9467-252A106551D1}.Ad-Hoc|ARM.ActiveCfg = Debug|Any CPU
		{86CED844-9019-4AF5-9467-252A106551D1}.Ad-Hoc|ARM.Build.0 = Debug|Any CPU
		{86CED844-9019-4AF5-9467-252A106551D1}.Ad-Hoc|iPhone.ActiveCfg = Debug|Any CPU
		{86CED844-9019-4AF5-9467-252A106551D1}.Ad-Hoc|iPhone.Build.0 = Debug|Any CPU
		{86CED844-9019-4AF5-9467-252A106551D1}.Ad-Hoc|iPhoneSimulator.ActiveCfg = Debug|Any CPU
		{86CED844-9019-4AF5-9467-252A106551D1}.Ad-Hoc|iPhoneSimulator.Build.0 = Debug|Any CPU
		{86CED844-9019-4AF5-9467-252A106551D1}.Ad-Hoc|Mixed Platforms.ActiveCfg = Debug|Any CPU
		{86CED844-9019-4AF5-9467-252A106551D1}.Ad-Hoc|Mixed Platforms.Build.0 = Debug|Any CPU
		{86CED844-9019-4AF5-9467-252A106551D1}.Ad-Hoc|x64.ActiveCfg = Debug|Any CPU
		{86CED844-9019-4AF5-9467-252A106551D1}.Ad-Hoc|x64.Build.0 = Debug|Any CPU
		{86CED844-9019-4AF5-9467-252A106551D1}.Ad-Hoc|x86.ActiveCfg = Debug|Any CPU
		{86CED844-9019-4AF5-9467-252A106551D1}.Ad-Hoc|x86.Build.0 = Debug|Any CPU
		{86CED844-9019-4AF5-9467-252A106551D1}.AppStore|Any CPU.ActiveCfg = Debug|Any CPU
		{86CED844-9019-4AF5-9467-252A106551D1}.AppStore|Any CPU.Build.0 = Debug|Any CPU
		{86CED844-9019-4AF5-9467-252A106551D1}.AppStore|ARM.ActiveCfg = Debug|Any CPU
		{86CED844-9019-4AF5-9467-252A106551D1}.AppStore|ARM.Build.0 = Debug|Any CPU
		{86CED844-9019-4AF5-9467-252A106551D1}.AppStore|iPhone.ActiveCfg = Debug|Any CPU
		{86CED844-9019-4AF5-9467-252A106551D1}.AppStore|iPhone.Build.0 = Debug|Any CPU
		{86CED844-9019-4AF5-9467-252A106551D1}.AppStore|iPhoneSimulator.ActiveCfg = Debug|Any CPU
		{86CED844-9019-4AF5-9467-252A106551D1}.AppStore|iPhoneSimulator.Build.0 = Debug|Any CPU
		{86CED844-9019-4AF5-9467-252A106551D1}.AppStore|Mixed Platforms.ActiveCfg = Debug|Any CPU
		{86CED844-9019-4AF5-9467-252A106551D1}.AppStore|Mixed Platforms.Build.0 = Debug|Any CPU
		{86CED844-9019-4AF5-9467-252A106551D1}.AppStore|x64.ActiveCfg = Debug|Any CPU
		{86CED844-9019-4AF5-9467-252A106551D1}.AppStore|x64.Build.0 = Debug|Any CPU
		{86CED844-9019-4AF5-9467-252A106551D1}.AppStore|x86.ActiveCfg = Debug|Any CPU
		{86CED844-9019-4AF5-9467-252A106551D1}.AppStore|x86.Build.0 = Debug|Any CPU
		{86CED844-9019-4AF5-9467-252A106551D1}.Debug|Any CPU.ActiveCfg = Debug|Any CPU
		{86CED844-9019-4AF5-9467-252A106551D1}.Debug|Any CPU.Build.0 = Debug|Any CPU
		{86CED844-9019-4AF5-9467-252A106551D1}.Debug|ARM.ActiveCfg = Debug|Any CPU
		{86CED844-9019-4AF5-9467-252A106551D1}.Debug|ARM.Build.0 = Debug|Any CPU
		{86CED844-9019-4AF5-9467-252A106551D1}.Debug|iPhone.ActiveCfg = Debug|Any CPU
		{86CED844-9019-4AF5-9467-252A106551D1}.Debug|iPhone.Build.0 = Debug|Any CPU
		{86CED844-9019-4AF5-9467-252A106551D1}.Debug|iPhoneSimulator.ActiveCfg = Debug|Any CPU
		{86CED844-9019-4AF5-9467-252A106551D1}.Debug|iPhoneSimulator.Build.0 = Debug|Any CPU
		{86CED844-9019-4AF5-9467-252A106551D1}.Debug|Mixed Platforms.ActiveCfg = Debug|Any CPU
		{86CED844-9019-4AF5-9467-252A106551D1}.Debug|Mixed Platforms.Build.0 = Debug|Any CPU
		{86CED844-9019-4AF5-9467-252A106551D1}.Debug|x64.ActiveCfg = Debug|Any CPU
		{86CED844-9019-4AF5-9467-252A106551D1}.Debug|x64.Build.0 = Debug|Any CPU
		{86CED844-9019-4AF5-9467-252A106551D1}.Debug|x86.ActiveCfg = Debug|Any CPU
		{86CED844-9019-4AF5-9467-252A106551D1}.Debug|x86.Build.0 = Debug|Any CPU
		{86CED844-9019-4AF5-9467-252A106551D1}.Release|Any CPU.ActiveCfg = Release|Any CPU
		{86CED844-9019-4AF5-9467-252A106551D1}.Release|Any CPU.Build.0 = Release|Any CPU
		{86CED844-9019-4AF5-9467-252A106551D1}.Release|ARM.ActiveCfg = Release|Any CPU
		{86CED844-9019-4AF5-9467-252A106551D1}.Release|ARM.Build.0 = Release|Any CPU
		{86CED844-9019-4AF5-9467-252A106551D1}.Release|iPhone.ActiveCfg = Release|Any CPU
		{86CED844-9019-4AF5-9467-252A106551D1}.Release|iPhone.Build.0 = Release|Any CPU
		{86CED844-9019-4AF5-9467-252A106551D1}.Release|iPhoneSimulator.ActiveCfg = Release|Any CPU
		{86CED844-9019-4AF5-9467-252A106551D1}.Release|iPhoneSimulator.Build.0 = Release|Any CPU
		{86CED844-9019-4AF5-9467-252A106551D1}.Release|Mixed Platforms.ActiveCfg = Release|Any CPU
		{86CED844-9019-4AF5-9467-252A106551D1}.Release|Mixed Platforms.Build.0 = Release|Any CPU
		{86CED844-9019-4AF5-9467-252A106551D1}.Release|x64.ActiveCfg = Release|Any CPU
		{86CED844-9019-4AF5-9467-252A106551D1}.Release|x64.Build.0 = Release|Any CPU
		{86CED844-9019-4AF5-9467-252A106551D1}.Release|x86.ActiveCfg = Release|Any CPU
		{86CED844-9019-4AF5-9467-252A106551D1}.Release|x86.Build.0 = Release|Any CPU
	EndGlobalSection
	GlobalSection(SolutionProperties) = preSolution
		HideSolutionNode = FALSE
	EndGlobalSection
	GlobalSection(ExtensibilityGlobals) = postSolution
		SolutionGuid = {6FE03B64-B823-4218-A9C9-60E41E959458}
	EndGlobalSection
EndGlobal
